# Run ./gradlew --write-locks to regenerate this file
com.fasterxml:classmate:1.3.1 (1 constraints: a40e4f58)
com.fasterxml.jackson.core:jackson-annotations:2.9.9 (9 constraints: 99a529ef)
com.fasterxml.jackson.core:jackson-core:2.9.9 (14 constraints: 6428e70f)
com.fasterxml.jackson.core:jackson-databind:2.9.9 (19 constraints: db5f367f)
com.fasterxml.jackson.dataformat:jackson-dataformat-cbor:2.9.9 (2 constraints: 541cbb9f)
com.fasterxml.jackson.datatype:jackson-datatype-guava:2.9.9 (3 constraints: 4a200b23)
com.fasterxml.jackson.datatype:jackson-datatype-jdk8:2.9.9 (3 constraints: 4a200b23)
com.fasterxml.jackson.datatype:jackson-datatype-jsr310:2.9.9 (2 constraints: a0134956)
com.fasterxml.jackson.jaxrs:jackson-jaxrs-base:2.9.9 (2 constraints: 912e331a)
com.fasterxml.jackson.jaxrs:jackson-jaxrs-cbor-provider:2.9.9 (1 constraints: 16051936)
com.fasterxml.jackson.module:jackson-module-afterburner:2.9.9 (3 constraints: 4a200b23)
com.fasterxml.jackson.module:jackson-module-jaxb-annotations:2.9.9 (2 constraints: 912e331a)
com.fasterxml.jackson.module:jackson-module-paranamer:2.9.9 (1 constraints: e2154800)
com.fasterxml.jackson.module:jackson-module-scala_2.11:2.9.9 (1 constraints: 16051936)
com.github.ben-manes.caffeine:caffeine:2.8.0 (1 constraints: 0c050d36)
com.google.code.findbugs:jsr305:3.0.2 (7 constraints: 75559e39)
com.google.errorprone:error_prone_annotations:2.3.3 (4 constraints: b737a42c)
com.google.guava:failureaccess:1.0.1 (1 constraints: 140ae1b4)
com.google.guava:guava:28.0-jre (8 constraints: 7c7c5e01)
com.google.guava:listenablefuture:9999.0-empty-to-avoid-conflict-with-guava (1 constraints: bd17c918)
com.google.j2objc:j2objc-annotations:1.3 (1 constraints: b809eda0)
com.jcraft:jzlib:1.1.3 (1 constraints: 0705f635)
com.netflix.concurrency-limits:concurrency-limits-core:0.2.2 (1 constraints: 0605f335)
com.netflix.feign:feign-core:8.18.0 (5 constraints: 693ac3a3)
com.netflix.feign:feign-jackson:8.18.0 (1 constraints: 43056b3b)
com.netflix.feign:feign-jaxrs:8.18.0 (1 constraints: 43056b3b)
com.netflix.feign:feign-okhttp:8.18.0 (1 constraints: 43056b3b)
com.netflix.feign:feign-slf4j:8.18.0 (1 constraints: 43056b3b)
com.palantir.conjure.java.api:errors:2.3.0 (2 constraints: f31494b6)
com.palantir.conjure.java.api:service-config:2.3.0 (1 constraints: 0705fe35)
com.palantir.conjure.java.api:ssl-config:2.3.0 (2 constraints: 9517385e)
com.palantir.safe-logging:preconditions:1.10.1 (7 constraints: 496653c4)
com.palantir.safe-logging:safe-logging:1.10.1 (7 constraints: 166a4c67)
com.palantir.tokens:auth-tokens:3.6.1 (2 constraints: 81229504)
com.palantir.tracing:tracing:3.2.0-rc3 (4 constraints: b139946c)
com.palantir.tracing:tracing-api:3.2.0-rc3 (3 constraints: 2d2f2c2b)
com.palantir.tracing:tracing-jersey:3.2.0-rc3 (1 constraints: 3c061f4d)
com.palantir.tracing:tracing-okhttp3:3.2.0-rc3 (1 constraints: 3c061f4d)
com.palantir.tritium:tritium-registry:0.11.2 (1 constraints: 3605283b)
com.squareup.okhttp3:logging-interceptor:3.13.1 (1 constraints: 3a053f3b)
com.squareup.okhttp3:okhttp:3.13.1 (6 constraints: 8459d8f9)
com.squareup.okio:okio:1.17.2 (1 constraints: 850cc309)
com.squareup.retrofit2:converter-jackson:2.4.0 (1 constraints: 08050136)
com.squareup.retrofit2:retrofit:2.4.0 (2 constraints: 4b1d8704)
com.thoughtworks.paranamer:paranamer:2.8 (1 constraints: 0c1627c6)
io.dropwizard.metrics:metrics-core:3.2.6 (2 constraints: e31c7ecf)
javax.annotation:javax.annotation-api:1.3.2 (3 constraints: 1a310f90)
javax.el:javax.el-api:2.2.4 (2 constraints: 981f620b)
javax.inject:javax.inject:1 (2 constraints: d614a0ab)
javax.validation:validation-api:1.1.0.Final (3 constraints: dc393f20)
javax.ws.rs:javax.ws.rs-api:2.1 (10 constraints: 74b0ded7)
org.bouncycastle:bcpkix-jdk15on:1.62 (1 constraints: dd04fd30)
org.bouncycastle:bcprov-jdk15on:1.62 (1 constraints: 590d0529)
org.checkerframework:checker-qual:2.10.0 (2 constraints: 451a8a59)
org.codehaus.mojo:animal-sniffer-annotations:1.17 (1 constraints: ed09d8aa)
org.glassfish.hk2:hk2-api:2.5.0-b32 (5 constraints: 985605c5)
org.glassfish.hk2:hk2-locator:2.5.0-b32 (4 constraints: 3949d563)
org.glassfish.hk2:hk2-utils:2.5.0-b32 (2 constraints: 0519152b)
org.glassfish.hk2:osgi-resource-locator:1.0.1 (2 constraints: 79234465)
org.glassfish.hk2.external:aopalliance-repackaged:2.5.0-b32 (2 constraints: 0519152b)
org.glassfish.hk2.external:javax.inject:2.5.0-b32 (7 constraints: 3e86b56f)
org.glassfish.jersey.bundles.repackaged:jersey-guava:2.25.1 (1 constraints: 251120d4)
org.glassfish.jersey.core:jersey-client:2.25.1 (2 constraints: dc34f938)
org.glassfish.jersey.core:jersey-common:2.25.1 (7 constraints: 0a90843b)
org.glassfish.jersey.core:jersey-server:2.25.1 (8 constraints: 50a7a113)
org.glassfish.jersey.ext:jersey-bean-validation:2.25.1 (2 constraints: 98133b60)
org.glassfish.jersey.media:jersey-media-jaxb:2.25.1 (1 constraints: 3311f9d4)
org.glassfish.web:javax.el:2.2.4 (1 constraints: 00145665)
org.hibernate:hibernate-validator:5.4.2.Final (2 constraints: f727b721)
org.immutables:value:2.7.5 (1 constraints: 10050f36)
org.javassist:javassist:3.22.0-GA (2 constraints: f61d2fc1)
org.jboss.logging:jboss-logging:3.3.0.Final (1 constraints: bd10c4b6)
org.jvnet:animal-sniffer-annotation:1.0 (1 constraints: f20b95eb)
org.scala-lang:scala-library:2.11.12 (1 constraints: 3516632c)
org.slf4j:slf4j-api:1.7.26 (16 constraints: 04e0db13)

[Test dependencies]
ch.qos.logback:logback-access:1.2.3 (1 constraints: b41148e2)
ch.qos.logback:logback-classic:1.2.3 (3 constraints: 962295eb)
ch.qos.logback:logback-core:1.2.3 (3 constraints: 1a28577f)
com.fasterxml.jackson.dataformat:jackson-dataformat-yaml:2.9.9 (2 constraints: 2f1633e2)
com.fasterxml.jackson.datatype:jackson-datatype-joda:2.9.9 (1 constraints: 8b0ec44f)
com.fasterxml.jackson.jaxrs:jackson-jaxrs-json-provider:2.9.9 (1 constraints: 340e2840)
com.fasterxml.jackson.module:jackson-module-parameter-names:2.9.9 (1 constraints: 8b0ec44f)
com.google.code.findbugs:annotations:3.0.1 (1 constraints: 9e0aafc3)
com.palantir.conjure.java:conjure-lib:4.0.0 (1 constraints: 0605ff35)
com.palantir.ri:resource-identifier:1.0.1 (1 constraints: ea0f6699)
com.palantir.safe-logging:preconditions-assertj:1.10.1 (1 constraints: 35052a3b)
com.palantir.tracing:tracing-test-utils:3.2.0-rc1 (1 constraints: 3a061d4d)
com.papertrail:profiler:1.0.2 (1 constraints: e21051b8)
com.spotify.dataenum:dataenum:1.3.2 (1 constraints: e91058c1)
com.squareup.okhttp3:mockwebserver:3.13.1 (1 constraints: 3a053f3b)
io.dropwizard:dropwizard-configuration:1.3.7 (1 constraints: 450d361f)
io.dropwizard:dropwizard-core:1.3.7 (2 constraints: a6131156)
io.dropwizard:dropwizard-jackson:1.3.7 (5 constraints: 9949d199)
io.dropwizard:dropwizard-jersey:1.3.7 (1 constraints: 450d361f)
io.dropwizard:dropwizard-jetty:1.3.7 (2 constraints: fd1eb68b)
io.dropwizard:dropwizard-lifecycle:1.3.7 (2 constraints: d71bd18f)
io.dropwizard:dropwizard-logging:1.3.7 (4 constraints: f53afb97)
io.dropwizard:dropwizard-metrics:1.3.7 (1 constraints: 450d361f)
io.dropwizard:dropwizard-request-logging:1.3.7 (1 constraints: 450d361f)
io.dropwizard:dropwizard-servlets:1.3.7 (1 constraints: 450d361f)
io.dropwizard:dropwizard-testing:1.3.7 (1 constraints: 0d050036)
io.dropwizard:dropwizard-util:1.3.7 (5 constraints: ed4953a3)
io.dropwizard:dropwizard-validation:1.3.7 (5 constraints: 9949d199)
io.dropwizard.metrics:metrics-annotation:4.0.2 (2 constraints: 3f1fceb9)
io.dropwizard.metrics:metrics-healthchecks:4.0.2 (2 constraints: 241e5546)
io.dropwizard.metrics:metrics-jersey2:4.0.2 (1 constraints: 290e1340)
io.dropwizard.metrics:metrics-jetty9:4.0.2 (1 constraints: c70d3130)
io.dropwizard.metrics:metrics-jmx:4.0.2 (1 constraints: 400d371f)
io.dropwizard.metrics:metrics-json:4.0.2 (1 constraints: e51060b8)
io.dropwizard.metrics:metrics-jvm:4.0.2 (2 constraints: 241e5546)
io.dropwizard.metrics:metrics-logback:4.0.2 (1 constraints: 7e0edc4f)
io.dropwizard.metrics:metrics-servlets:4.0.2 (1 constraints: 400d371f)
io.leangen.geantyref:geantyref:1.3.4 (1 constraints: 0a05fd35)
io.reactivex.rxjava2:rxjava:2.2.12 (1 constraints: 3905353b)
javax.servlet:javax.servlet-api:3.1.0 (1 constraints: 830dcc28)
joda-time:joda-time:2.9.9 (3 constraints: e12d801f)
junit:junit:4.12 (6 constraints: bc6f563f)
net.bytebuddy:byte-buddy:1.9.10 (1 constraints: 450b52de)
net.bytebuddy:byte-buddy-agent:1.9.10 (1 constraints: 450b52de)
net.jcip:jcip-annotations:1.0 (1 constraints: 560ff165)
net.sourceforge.argparse4j:argparse4j:0.8.1 (1 constraints: 430d3a1f)
org.apache-extras.beanshell:bsh:2.0b6 (1 constraints: ac07626b)
org.apache.commons:commons-lang3:3.9 (4 constraints: 9f30e53d)
org.apache.commons:commons-text:1.2 (1 constraints: ae10289b)
org.apiguardian:apiguardian-api:1.1.0 (6 constraints: 7d64a5c6)
org.assertj:assertj-core:3.13.2 (3 constraints: 32282249)
org.eclipse.jetty:jetty-continuation:9.4.11.v20180605 (2 constraints: 74211443)
org.eclipse.jetty:jetty-http:9.4.11.v20180605 (3 constraints: 0931f051)
org.eclipse.jetty:jetty-io:9.4.11.v20180605 (3 constraints: f02f89af)
org.eclipse.jetty:jetty-security:9.4.11.v20180605 (1 constraints: 661014e2)
org.eclipse.jetty:jetty-server:9.4.11.v20180605 (4 constraints: 6643d454)
org.eclipse.jetty:jetty-servlet:9.4.11.v20180605 (2 constraints: 1920accd)
org.eclipse.jetty:jetty-servlets:9.4.11.v20180605 (1 constraints: 3a105cd7)
org.eclipse.jetty:jetty-util:9.4.11.v20180605 (5 constraints: d24d8299)
org.eclipse.jetty:jetty-webapp:9.4.11.v20180605 (1 constraints: 9c1074eb)
org.eclipse.jetty:jetty-xml:9.4.11.v20180605 (1 constraints: e00ff2ca)
org.eclipse.jetty.toolchain.setuid:jetty-setuid-java:1.0.3 (1 constraints: 3e0d291f)
org.glassfish:javax.el:3.0.0 (1 constraints: bf0f5484)
org.glassfish.jersey.containers:jersey-container-servlet:2.25.1 (1 constraints: 5d0e764e)
org.glassfish.jersey.containers:jersey-container-servlet-core:2.25.1 (2 constraints: 5c320e27)
org.glassfish.jersey.ext:jersey-metainf-services:2.25.1 (1 constraints: 5d0e764e)
org.glassfish.jersey.test-framework:jersey-test-framework-core:2.25.1 (1 constraints: aa230902)
org.glassfish.jersey.test-framework.providers:jersey-test-framework-provider-inmemory:2.25.1 (1 constraints: c90ee65f)
org.hamcrest:hamcrest:2.1 (2 constraints: 8512932d)
org.hamcrest:hamcrest-all:1.3 (1 constraints: a8041d2c)
org.hamcrest:hamcrest-core:2.1 (2 constraints: 88126e10)
org.hamcrest:hamcrest-library:2.1 (1 constraints: 1507415c)
org.jmock:jmock:2.12.0 (1 constraints: 3705353b)
org.jmock:jmock-testjar:2.12.0 (1 constraints: a507a272)
org.junit:junit-bom:5.5.1 (1 constraints: 0d051436)
org.junit.jupiter:junit-jupiter:5.5.1 (1 constraints: 12098395)
org.junit.jupiter:junit-jupiter-api:5.5.1 (4 constraints: 7b38e82f)
org.junit.jupiter:junit-jupiter-engine:5.5.1 (2 constraints: 19171e3c)
org.junit.jupiter:junit-jupiter-params:5.5.1 (2 constraints: 19171e3c)
org.junit.platform:junit-platform-commons:1.5.1 (3 constraints: e2299729)
org.junit.platform:junit-platform-engine:1.5.1 (3 constraints: 302a735b)
org.junit.vintage:junit-vintage-engine:5.5.1 (1 constraints: 12098395)
org.mockito:mockito-core:3.0.0 (1 constraints: 0505fa35)
org.objenesis:objenesis:2.6 (2 constraints: ec1819aa)
org.opentest4j:opentest4j:1.2.0 (2 constraints: cd205b49)
org.ow2.asm:asm:7.1 (1 constraints: 1a07505c)
org.reactivestreams:reactive-streams:1.0.2 (1 constraints: 1e0c5ff9)
org.slf4j:jcl-over-slf4j:1.7.25 (1 constraints: b70e995e)
org.slf4j:jul-to-slf4j:1.7.25 (1 constraints: b70e995e)
org.slf4j:log4j-over-slf4j:1.7.25 (1 constraints: b70e995e)
org.yaml:snakeyaml:1.23 (1 constraints: 6e17f627)
