# Run ./gradlew --write-locks to regenerate this file
com.fasterxml:classmate:1.5.1 (1 constraints: 9a122a13)
com.fasterxml.jackson.core:jackson-annotations:2.14.2 (9 constraints: 3cb6905d)
com.fasterxml.jackson.core:jackson-core:2.14.2 (13 constraints: f8254f86)
com.fasterxml.jackson.core:jackson-databind:2.14.2 (20 constraints: c78cae55)
com.fasterxml.jackson.dataformat:jackson-dataformat-cbor:2.14.2 (2 constraints: 2d20b805)
com.fasterxml.jackson.dataformat:jackson-dataformat-smile:2.14.2 (1 constraints: 3905393b)
com.fasterxml.jackson.datatype:jackson-datatype-guava:2.14.2 (1 constraints: 3905393b)
com.fasterxml.jackson.datatype:jackson-datatype-jdk8:2.14.2 (1 constraints: 3905393b)
com.fasterxml.jackson.datatype:jackson-datatype-joda:2.14.2 (1 constraints: 3905393b)
com.fasterxml.jackson.datatype:jackson-datatype-jsr310:2.14.2 (1 constraints: 3905393b)
com.fasterxml.jackson.jakarta.rs:jackson-jakarta-rs-base:2.14.2 (1 constraints: f51af942)
com.fasterxml.jackson.jakarta.rs:jackson-jakarta-rs-cbor-provider:2.14.2 (1 constraints: 3905393b)
com.fasterxml.jackson.module:jackson-module-afterburner:2.14.2 (1 constraints: 3905393b)
com.fasterxml.jackson.module:jackson-module-jakarta-xmlbind-annotations:2.14.2 (2 constraints: e3308eb3)
com.fasterxml.jackson.module:jackson-module-scala_2.12:2.14.2 (1 constraints: 3905393b)
com.github.ben-manes.caffeine:caffeine:3.1.6 (3 constraints: ec23d2a3)
com.google.code.findbugs:jsr305:3.0.2 (15 constraints: 9de5277d)
com.google.errorprone:error_prone_annotations:2.7.1 (16 constraints: f7f92036)
com.google.guava:failureaccess:1.0.1 (1 constraints: 140ae1b4)
com.google.guava:guava:32.0.1-jre (15 constraints: ad04bc8b)
com.google.guava:listenablefuture:9999.0-empty-to-avoid-conflict-with-guava (1 constraints: bd17c918)
com.google.j2objc:j2objc-annotations:2.8 (1 constraints: be09f5a0)
com.netflix.concurrency-limits:concurrency-limits-core:0.2.2 (1 constraints: 0605f335)
com.netflix.feign:feign-core:8.18.0 (2 constraints: 1213df52)
com.netflix.feign:feign-jackson:8.18.0 (1 constraints: 43056b3b)
com.palantir.conjure.java:conjure-lib:7.11.0 (3 constraints: 5725a44d)
com.palantir.conjure.java.api:errors:2.35.0 (3 constraints: 3225144a)
com.palantir.conjure.java.api:service-config:2.35.0 (3 constraints: a42895e2)
com.palantir.conjure.java.api:ssl-config:2.35.0 (2 constraints: ff178486)
com.palantir.dialogue:dialogue-apache-hc5-client:3.84.0 (1 constraints: 41055d3b)
com.palantir.dialogue:dialogue-blocking-channels:3.84.0 (2 constraints: dd23cfb3)
com.palantir.dialogue:dialogue-core:3.84.0 (2 constraints: 431996ee)
com.palantir.dialogue:dialogue-futures:3.84.0 (3 constraints: d43327bf)
com.palantir.dialogue:dialogue-serde:3.84.0 (1 constraints: 41055d3b)
com.palantir.dialogue:dialogue-target:3.84.0 (5 constraints: 164d1762)
com.palantir.refreshable:refreshable:2.2.0 (1 constraints: 0605fb35)
com.palantir.ri:resource-identifier:2.6.0 (3 constraints: aa2f1337)
com.palantir.safe-logging:logger:3.5.0 (12 constraints: 72b846fc)
com.palantir.safe-logging:logger-slf4j:3.5.0 (1 constraints: 030e6242)
com.palantir.safe-logging:logger-spi:3.5.0 (2 constraints: 151e387b)
com.palantir.safe-logging:preconditions:3.5.0 (18 constraints: cd1db683)
com.palantir.safe-logging:safe-logging:3.5.0 (17 constraints: 590c9b82)
com.palantir.safethreadlocalrandom:safe-thread-local-random:0.1.0 (3 constraints: 933225f9)
com.palantir.tokens:auth-tokens:3.18.0 (5 constraints: 47482351)
com.palantir.tracing:tracing:6.17.0 (7 constraints: 7f6f1f43)
com.palantir.tracing:tracing-api:6.17.0 (5 constraints: b4523fa6)
com.palantir.tracing:tracing-jersey-jakarta:6.17.0 (1 constraints: 40055c3b)
com.palantir.tracing:tracing-okhttp3:6.17.0 (1 constraints: 40055c3b)
com.palantir.tritium:tritium-api:0.68.0 (2 constraints: 3d1f0ebe)
com.palantir.tritium:tritium-core:0.68.0 (1 constraints: 461058a2)
com.palantir.tritium:tritium-metrics:0.68.0 (5 constraints: 114de45f)
com.palantir.tritium:tritium-registry:0.68.0 (6 constraints: 565deedb)
com.squareup.okhttp3:okhttp:3.13.1 (4 constraints: 2e38ea61)
com.squareup.okio:okio:1.17.2 (1 constraints: 850cc309)
com.squareup.retrofit2:converter-jackson:2.4.0 (1 constraints: 08050136)
com.squareup.retrofit2:retrofit:2.4.0 (2 constraints: 4b1d8704)
com.sun.activation:jakarta.activation:2.0.1 (1 constraints: 8c0f4591)
com.thoughtworks.paranamer:paranamer:2.8 (1 constraints: 7b15b5d4)
io.dropwizard.metrics:metrics-core:4.2.19 (6 constraints: 6a59727b)
jakarta.annotation:jakarta.annotation-api:2.0.0 (4 constraints: f0361843)
jakarta.el:jakarta.el-api:4.0.0 (2 constraints: e81e979a)
jakarta.inject:jakarta.inject-api:2.0.1 (5 constraints: 82605b36)
jakarta.validation:jakarta.validation-api:3.0.0 (2 constraints: f6242ee0)
jakarta.ws.rs:jakarta.ws.rs-api:3.1.0 (8 constraints: 868cd469)
jakarta.xml.bind:jakarta.xml.bind-api:3.0.1 (2 constraints: 3a33edc3)
javax.annotation:javax.annotation-api:1.3.2 (2 constraints: f514bcb6)
joda-time:joda-time:2.10.8 (1 constraints: 2e16acf1)
org.apache.httpcomponents.client5:httpclient5:5.2.1 (2 constraints: d518b1c3)
org.apache.httpcomponents.core5:httpcore5:5.2.1 (3 constraints: 9f383c39)
org.apache.httpcomponents.core5:httpcore5-h2:5.2 (1 constraints: dd12c315)
org.checkerframework:checker-qual:3.35.0 (3 constraints: b51ffb52)
org.glassfish:jakarta.el:4.0.2 (1 constraints: fe135865)
org.glassfish.hk2:hk2-api:3.0.3 (1 constraints: 6b0c570c)
org.glassfish.hk2:hk2-locator:3.0.3 (1 constraints: 4110d5ad)
org.glassfish.hk2:hk2-utils:3.0.3 (2 constraints: 1b17aa76)
org.glassfish.hk2:osgi-resource-locator:1.0.3 (1 constraints: ef10e7c2)
org.glassfish.hk2.external:aopalliance-repackaged:3.0.3 (2 constraints: 1b17aa76)
org.glassfish.jersey.core:jersey-client:3.0.6 (1 constraints: 0211bfc3)
org.glassfish.jersey.core:jersey-common:3.0.6 (6 constraints: ae75ae9b)
org.glassfish.jersey.core:jersey-server:3.0.6 (4 constraints: 374500ac)
org.glassfish.jersey.ext:jersey-bean-validation:3.0.6 (1 constraints: 0b050036)
org.glassfish.jersey.inject:jersey-hk2:3.0.6 (1 constraints: 0b050036)
org.hdrhistogram:HdrHistogram:2.1.12 (1 constraints: 3e103aa2)
org.hibernate.validator:hibernate-validator:7.0.1.Final (1 constraints: 1816f4e3)
org.immutables:value:2.9.3 (1 constraints: 10051336)
org.javassist:javassist:3.28.0-GA (1 constraints: 2d1120f1)
org.jboss.logging:jboss-logging:3.4.1.Final (4 constraints: a24557a8)
org.jetbrains:annotations:24.0.1 (2 constraints: fc20bc6d)
org.jvnet:animal-sniffer-annotation:1.0 (1 constraints: f20b95eb)
org.mpierce.metrics.reservoir:hdrhistogram-metrics-reservoir:1.1.3 (1 constraints: 0d10f991)
org.scala-lang:scala-library:2.12.17 (1 constraints: 3c16782c)
org.slf4j:slf4j-api:1.7.36 (8 constraints: 4e7ba54e)

[Test dependencies]
com.fasterxml.jackson.dataformat:jackson-dataformat-yaml:2.14.2 (1 constraints: 3905393b)
com.google.code.findbugs:annotations:3.0.1 (1 constraints: 9e0aafc3)
com.palantir.safe-logging:preconditions-assertj:3.5.0 (1 constraints: 0a050936)
com.squareup.okhttp3:mockwebserver:3.13.1 (1 constraints: 3a053f3b)
io.leangen.geantyref:geantyref:1.3.4 (1 constraints: 0a05fd35)
io.reactivex.rxjava2:rxjava:2.2.21 (1 constraints: 3905363b)
io.undertow:undertow-core:2.2.24.Final (2 constraints: a619e9ea)
io.undertow:undertow-servlet-jakarta:2.2.20.Final (1 constraints: 50071361)
jakarta.servlet:jakarta.servlet-api:5.0.0 (2 constraints: 1015bdac)
junit:junit:4.12 (1 constraints: 080f065e)
net.bytebuddy:byte-buddy:1.14.4 (2 constraints: c016a64f)
net.bytebuddy:byte-buddy-agent:1.14.4 (1 constraints: 440b42de)
net.jcip:jcip-annotations:1.0 (1 constraints: 560ff165)
org.apache-extras.beanshell:bsh:2.0b6 (1 constraints: ac07626b)
org.apache.commons:commons-lang3:3.12.0 (1 constraints: 38053b3b)
org.apiguardian:apiguardian-api:1.1.2 (5 constraints: 105480ac)
org.assertj:assertj-core:3.24.2 (2 constraints: 9c1928df)
org.conscrypt:conscrypt-openjdk-uber:2.5.2 (1 constraints: 0b050636)
org.glassfish.jersey.containers:jersey-container-servlet-core:3.0.6 (1 constraints: 0b050036)
org.glassfish.jersey.ext:jersey-entity-filtering:3.0.6 (1 constraints: bf1525d3)
org.glassfish.jersey.media:jersey-media-json-jackson:3.0.6 (1 constraints: 0b050036)
org.hamcrest:hamcrest:2.1 (2 constraints: 8512932d)
org.hamcrest:hamcrest-core:2.1 (2 constraints: 88126e10)
org.hamcrest:hamcrest-library:2.1 (1 constraints: 1507415c)
org.jboss.threads:jboss-threads:3.1.0.Final (2 constraints: 561a9b42)
org.jboss.xnio:xnio-api:3.8.7.Final (2 constraints: 771a3146)
org.jboss.xnio:xnio-nio:3.8.7.Final (1 constraints: c80dcb30)
org.jmock:jmock:2.12.0 (1 constraints: 3705353b)
org.jmock:jmock-testjar:2.12.0 (1 constraints: a507a272)
org.junit.jupiter:junit-jupiter:5.9.3 (1 constraints: 13052236)
org.junit.jupiter:junit-jupiter-api:5.9.3 (5 constraints: 5843a1b7)
org.junit.jupiter:junit-jupiter-engine:5.9.3 (1 constraints: 0e0ee33b)
org.junit.jupiter:junit-jupiter-params:5.9.3 (2 constraints: 2013e43c)
org.junit.platform:junit-platform-commons:1.9.3 (2 constraints: e120754b)
org.junit.platform:junit-platform-engine:1.9.3 (1 constraints: ad102bb4)
org.mockito:mockito-core:5.3.1 (2 constraints: ce134e65)
org.mockito:mockito-junit-jupiter:5.3.1 (1 constraints: 0b050e36)
org.objenesis:objenesis:3.3 (1 constraints: b20a14bd)
org.opentest4j:opentest4j:1.2.0 (2 constraints: cd205b49)
org.ow2.asm:asm:7.1 (1 constraints: 1a07505c)
org.reactivestreams:reactive-streams:1.0.3 (1 constraints: 1f0c60f9)
org.wildfly.client:wildfly-client-config:1.0.1.Final (1 constraints: 940c6308)
org.wildfly.common:wildfly-common:1.5.4.Final (2 constraints: 741cfbf1)
org.yaml:snakeyaml:1.33 (1 constraints: 6f17f827)
