# Run ./gradlew writeVersionsLocks to regenerate this file. Blank lines are to minimize merge conflicts.

com.fasterxml:classmate:1.5.1 (1 constraints: 9a122a13)

com.fasterxml.jackson.core:jackson-annotations:2.21 (12 constraints: 03de1b79)

com.fasterxml.jackson.core:jackson-core:2.21.1 (14 constraints: a623cbfe)

com.fasterxml.jackson.core:jackson-databind:2.21.1 (18 constraints: 97631449)

com.fasterxml.jackson.dataformat:jackson-dataformat-cbor:2.21.1 (2 constraints: 29206505)

com.fasterxml.jackson.dataformat:jackson-dataformat-smile:2.21.1 (1 constraints: 3805373b)

com.fasterxml.jackson.datatype:jackson-datatype-guava:2.21.1 (1 constraints: 3805373b)

com.fasterxml.jackson.datatype:jackson-datatype-jdk8:2.21.1 (1 constraints: 3805373b)

com.fasterxml.jackson.datatype:jackson-datatype-joda:2.21.1 (1 constraints: 3805373b)

com.fasterxml.jackson.datatype:jackson-datatype-jsr310:2.21.1 (1 constraints: 3805373b)

com.fasterxml.jackson.jakarta.rs:jackson-jakarta-rs-base:2.21.1 (1 constraints: f21af342)

com.fasterxml.jackson.jakarta.rs:jackson-jakarta-rs-cbor-provider:2.21.1 (1 constraints: 3805373b)

com.fasterxml.jackson.module:jackson-module-jakarta-xmlbind-annotations:2.21.1 (2 constraints: e230dab2)

com.fasterxml.jackson.module:jackson-module-scala_2.12:2.21.1 (1 constraints: 3805373b)

com.github.ben-manes.caffeine:caffeine:3.2.3 (3 constraints: e42397a2)

com.google.code.findbugs:jsr305:3.0.2 (7 constraints: 5f6b7728)

com.google.errorprone:error_prone_annotations:2.43.0 (18 constraints: 22188b92)

com.google.guava:failureaccess:1.0.3 (1 constraints: 160ae3b4)

com.google.guava:guava:33.5.0-jre (17 constraints: a02e9ec0)

com.google.guava:listenablefuture:9999.0-empty-to-avoid-conflict-with-guava (1 constraints: bd17c918)

com.google.j2objc:j2objc-annotations:3.1 (1 constraints: b809f1a0)

com.netflix.concurrency-limits:concurrency-limits-core:0.2.2 (1 constraints: 0605f335)

com.netflix.feign:feign-core:8.18.0 (2 constraints: 1213df52)

com.netflix.feign:feign-jackson:8.18.0 (1 constraints: 43056b3b)

com.palantir.conjure.java:conjure-lib:8.71.0 (3 constraints: 6a259d51)

com.palantir.conjure.java.api:errors:2.70.0 (5 constraints: f94496ae)

com.palantir.conjure.java.api:service-config:2.70.0 (3 constraints: b1289ae3)

com.palantir.conjure.java.api:ssl-config:2.70.0 (2 constraints: fd175086)

com.palantir.deadlines:deadlines:0.18.0 (1 constraints: 6b0f2186)

com.palantir.dialogue:dialogue-apache-hc5-client:6.23.0 (1 constraints: 3d05543b)

com.palantir.dialogue:dialogue-blocking-channels:6.23.0 (2 constraints: d52305b3)

com.palantir.dialogue:dialogue-core:6.23.0 (2 constraints: 3b199ced)

com.palantir.dialogue:dialogue-futures:6.23.0 (3 constraints: c833e8bc)

com.palantir.dialogue:dialogue-serde:6.23.0 (1 constraints: 3d05543b)

com.palantir.dialogue:dialogue-target:6.23.0 (5 constraints: 024d365a)

com.palantir.nylon:nylon-threads:0.7.0 (1 constraints: 0f100392)

com.palantir.refreshable:refreshable:2.10.0 (2 constraints: 7114f496)

com.palantir.ri:resource-identifier:2.14.0 (3 constraints: 35303db0)

com.palantir.safe-logging:logger:3.12.0 (15 constraints: b7e5fe6d)

com.palantir.safe-logging:logger-slf4j:3.12.0 (1 constraints: 310e8d50)

com.palantir.safe-logging:logger-spi:3.12.0 (2 constraints: 711e40b0)

com.palantir.safe-logging:preconditions:3.12.0 (22 constraints: b85b6be8)

com.palantir.safe-logging:safe-logging:3.12.0 (20 constraints: 4a3c088b)

com.palantir.safethreadlocalrandom:safe-thread-local-random:0.5.0 (1 constraints: 370fb076)

com.palantir.tokens:auth-tokens:3.23.0 (5 constraints: 31483349)

com.palantir.tracing:tracing:6.32.0 (8 constraints: b87d3782)

com.palantir.tracing:tracing-api:6.32.0 (6 constraints: df5747c3)

com.palantir.tracing:tracing-jersey-jakarta:6.32.0 (1 constraints: 3d05553b)

com.palantir.tracing:tracing-okhttp3:6.32.0 (1 constraints: 3d05553b)

com.palantir.tritium:tritium-api:0.125.0 (2 constraints: 911f19f4)

com.palantir.tritium:tritium-core:0.125.0 (1 constraints: 7010aeb2)

com.palantir.tritium:tritium-ids:0.125.0 (1 constraints: fb0f91a6)

com.palantir.tritium:tritium-metrics:0.125.0 (5 constraints: 5d4c8e18)

com.palantir.tritium:tritium-registry:0.125.0 (6 constraints: cc5cf2d0)

com.squareup.okhttp3:okhttp:4.12.0 (3 constraints: 3b24fdc0)

com.squareup.okio:okio:3.6.0 (1 constraints: 530c38fd)

com.squareup.okio:okio-jvm:3.6.0 (1 constraints: 500ad3b9)

com.thoughtworks.paranamer:paranamer:2.8.3 (1 constraints: dc154900)

io.dropwizard.metrics:metrics-core:4.2.38 (6 constraints: 25583736)

io.smallrye.common:smallrye-common-annotation:2.14.0 (1 constraints: f20d0944)

io.smallrye.common:smallrye-common-constraint:2.14.0 (4 constraints: e841a41c)

io.smallrye.common:smallrye-common-cpu:2.14.0 (2 constraints: a21c34e8)

io.smallrye.common:smallrye-common-expression:2.4.0 (1 constraints: b10e835a)

io.smallrye.common:smallrye-common-function:2.14.0 (2 constraints: 8b21dfa9)

io.smallrye.common:smallrye-common-net:2.4.0 (1 constraints: b10e835a)

io.smallrye.common:smallrye-common-os:2.4.0 (1 constraints: b10e835a)

io.smallrye.common:smallrye-common-ref:2.4.0 (1 constraints: b10e835a)

jakarta.activation:jakarta.activation-api:2.1.3 (1 constraints: 8f0f4a91)

jakarta.annotation:jakarta.annotation-api:2.1.1 (4 constraints: f4368043)

jakarta.el:jakarta.el-api:5.0.1 (1 constraints: fe135c65)

jakarta.inject:jakarta.inject-api:2.0.1 (5 constraints: 82605b36)

jakarta.validation:jakarta.validation-api:3.0.2 (2 constraints: fa24a2e0)

jakarta.ws.rs:jakarta.ws.rs-api:4.0.0 (8 constraints: 8c8c056d)

jakarta.xml.bind:jakarta.xml.bind-api:4.0.2 (2 constraints: 3c33f3c3)

joda-time:joda-time:2.12.7 (1 constraints: 2f16b1f1)

org.apache.httpcomponents.client5:httpclient5:5.6 (2 constraints: 1f18d074)

org.apache.httpcomponents.core5:httpcore5:5.4 (3 constraints: 4638c7ec)

org.apache.httpcomponents.core5:httpcore5-h2:5.4 (1 constraints: df12c515)

org.eclipse.collections:eclipse-collections:13.0.0 (1 constraints: 1c1091a9)

org.eclipse.collections:eclipse-collections-api:13.0.0 (2 constraints: fa22df26)

org.glassfish.expressly:expressly:5.0.0 (1 constraints: fd135b65)

org.glassfish.hk2:hk2-api:3.0.6 (1 constraints: 6e0c5a0c)

org.glassfish.hk2:hk2-locator:3.0.6 (1 constraints: 4410d8ad)

org.glassfish.hk2:hk2-utils:3.0.6 (2 constraints: 21172277)

org.glassfish.hk2:osgi-resource-locator:1.0.3 (1 constraints: ef10e7c2)

org.glassfish.hk2.external:aopalliance-repackaged:3.0.6 (2 constraints: 21172277)

org.glassfish.jersey.core:jersey-client:3.1.11 (1 constraints: 2f11ecd4)

org.glassfish.jersey.core:jersey-common:3.1.11 (7 constraints: f37b28e6)

org.glassfish.jersey.core:jersey-server:3.1.11 (4 constraints: be45b251)

org.glassfish.jersey.ext:jersey-bean-validation:3.1.11 (1 constraints: 3805363b)

org.glassfish.jersey.inject:jersey-hk2:3.1.11 (1 constraints: 3805363b)

org.hdrhistogram:HdrHistogram:2.2.2 (1 constraints: 0e100092)

org.hibernate.validator:hibernate-validator:8.0.2.Final (1 constraints: 1a1606e4)

org.immutables:value:2.12.1 (2 constraints: 0015bec1)

org.javassist:javassist:3.30.2-GA (1 constraints: 2811fff0)

org.jboss.logging:jboss-logging:3.6.1.Final (8 constraints: db99a7cb)

org.jboss.threads:jboss-threads:3.9.2 (3 constraints: a8285de8)

org.jetbrains:annotations:26.1.0 (3 constraints: de2fdf34)

org.jetbrains.kotlin:kotlin-stdlib:1.9.10 (2 constraints: c2210fe1)

org.jetbrains.kotlin:kotlin-stdlib-common:1.9.10 (2 constraints: 3f1b4b83)

org.jetbrains.kotlin:kotlin-stdlib-jdk7:1.9.10 (1 constraints: e210ffd2)

org.jetbrains.kotlin:kotlin-stdlib-jdk8:1.9.10 (3 constraints: eb27efa7)

org.jspecify:jspecify:1.0.0 (19 constraints: ce345bc3)

org.jvnet:animal-sniffer-annotation:1.0 (1 constraints: f20b95eb)

org.mpierce.metrics.reservoir:hdrhistogram-metrics-reservoir:1.1.3 (1 constraints: 0d10f991)

org.scala-lang:scala-library:2.12.21 (1 constraints: 3716742c)

org.slf4j:slf4j-api:2.0.17 (8 constraints: 327b4f39)

org.wildfly.common:wildfly-common:2.0.1 (2 constraints: 591adc48)



[Test dependencies]

com.fasterxml.jackson.dataformat:jackson-dataformat-yaml:2.21.1 (1 constraints: 3805373b)

com.google.code.findbugs:annotations:3.0.1u2 (1 constraints: 450b07da)

com.palantir.safe-logging:preconditions-assertj:3.12.0 (1 constraints: 38053b3b)

com.squareup.okhttp3:mockwebserver:4.12.0 (1 constraints: 3905413b)

io.reactivex.rxjava2:rxjava:2.2.21 (1 constraints: 3905363b)

io.undertow:undertow-core:2.2.38.Final (2 constraints: ab1911ec)

io.undertow:undertow-servlet-jakarta:2.2.20.Final (1 constraints: 50071361)

jakarta.servlet:jakarta.servlet-api:5.0.0 (2 constraints: 1015bdac)

junit:junit:4.13.2 (1 constraints: 690fa77c)

net.bytebuddy:byte-buddy:1.18.3 (2 constraints: 9c16b43e)

net.bytebuddy:byte-buddy-agent:1.17.7 (1 constraints: 4a0b4ede)

net.jcip:jcip-annotations:1.0 (1 constraints: 560ff165)

org.apache-extras.beanshell:bsh:2.0b6 (1 constraints: ac07626b)

org.apache.commons:commons-lang3:3.20.0 (1 constraints: 3705393b)

org.apiguardian:apiguardian-api:1.1.2 (6 constraints: 5366ce6e)

org.assertj:assertj-core:3.27.7 (2 constraints: ac190ce1)

org.conscrypt:conscrypt-openjdk-uber:2.5.2 (1 constraints: 0b050636)

org.glassfish.jersey.containers:jersey-container-servlet-core:3.1.11 (1 constraints: 3805363b)

org.glassfish.jersey.ext:jersey-entity-filtering:3.1.11 (1 constraints: ec150fe9)

org.glassfish.jersey.media:jersey-media-json-jackson:3.1.11 (1 constraints: 3805363b)

org.hamcrest:hamcrest:2.2 (2 constraints: 8712ab2d)

org.hamcrest:hamcrest-core:2.2 (2 constraints: 89126f10)

org.hamcrest:hamcrest-library:2.2 (1 constraints: 1607425c)

org.jboss.xnio:xnio-api:3.8.16.Final (2 constraints: d71a2474)

org.jboss.xnio:xnio-nio:3.8.16.Final (1 constraints: f80dc53d)

org.jmock:jmock:2.13.1 (1 constraints: 3905393b)

org.jmock:jmock-testjar:2.13.1 (1 constraints: a707a672)

org.junit.jupiter:junit-jupiter:6.0.3 (1 constraints: 4a070d70)

org.junit.jupiter:junit-jupiter-api:6.0.3 (5 constraints: 6543c4ec)

org.junit.jupiter:junit-jupiter-engine:6.0.3 (1 constraints: 060ecd3b)

org.junit.jupiter:junit-jupiter-params:6.0.3 (2 constraints: 1013783b)

org.junit.platform:junit-platform-commons:6.0.3 (2 constraints: d920ad4a)

org.junit.platform:junit-platform-engine:6.0.3 (2 constraints: f1224608)

org.junit.platform:junit-platform-launcher:6.0.3 (1 constraints: 0b050c36)

org.mockito:mockito-core:5.22.0 (2 constraints: 2e149b86)

org.mockito:mockito-junit-jupiter:5.22.0 (1 constraints: 3b054b3b)

org.objenesis:objenesis:3.3 (1 constraints: b20a14bd)

org.opentest4j:opentest4j:1.3.0 (2 constraints: cf209249)

org.ow2.asm:asm:8.0.1 (1 constraints: 7907136b)

org.reactivestreams:reactive-streams:1.0.3 (1 constraints: 1f0c60f9)

org.wildfly.client:wildfly-client-config:1.0.1.Final (1 constraints: 940c6308)

org.yaml:snakeyaml:2.5 (1 constraints: 3f178e10)
