{
    "compileClasspath": {
        "com.netflix.feign:feign-core": {
            "locked": "8.17.0"
        },
        "com.squareup.okhttp3:okhttp": {
            "locked": "3.4.1"
        },
        "com.squareup.okio:okio": {
            "locked": "1.9.0",
            "transitive": [
                "com.squareup.okhttp3:okhttp"
            ]
        },
        "org.jvnet:animal-sniffer-annotation": {
            "locked": "1.0",
            "transitive": [
                "com.netflix.feign:feign-core"
            ]
        }
    },
    "runtime": {
        "com.netflix.feign:feign-core": {
            "locked": "8.17.0"
        },
        "com.squareup.okhttp3:okhttp": {
            "locked": "3.4.1"
        },
        "com.squareup.okio:okio": {
            "locked": "1.9.0",
            "transitive": [
                "com.squareup.okhttp3:okhttp"
            ]
        },
        "org.jvnet:animal-sniffer-annotation": {
            "locked": "1.0",
            "transitive": [
                "com.netflix.feign:feign-core"
            ]
        }
    }
}