{
    "compileClasspath": {
        "com.fasterxml.jackson.core:jackson-annotations": {
            "locked": "2.9.5",
            "transitive": [
                "com.fasterxml.jackson.core:jackson-databind"
            ]
        },
        "com.fasterxml.jackson.core:jackson-core": {
            "locked": "2.9.5",
            "transitive": [
                "com.fasterxml.jackson.core:jackson-databind"
            ]
        },
        "com.fasterxml.jackson.core:jackson-databind": {
            "locked": "2.9.5",
            "transitive": [
                "com.palantir.conjure.java.api:ssl-config"
            ]
        },
        "com.github.kevinstern:software-and-algorithms": {
            "locked": "1.0",
            "transitive": [
                "com.google.errorprone:error_prone_check_api"
            ]
        },
        "com.github.stephenc.jcip:jcip-annotations": {
            "locked": "1.0-1",
            "transitive": [
                "com.google.errorprone:error_prone_core"
            ]
        },
        "com.google.auto:auto-common": {
            "locked": "0.10",
            "transitive": [
                "com.google.errorprone:error_prone_core"
            ]
        },
        "com.google.code.findbugs:jFormatString": {
            "locked": "3.0.0",
            "transitive": [
                "com.google.errorprone:error_prone_core"
            ]
        },
        "com.google.code.findbugs:jsr305": {
            "locked": "3.0.0",
            "transitive": [
                "com.google.errorprone:error_prone_check_api",
                "com.google.errorprone:error_prone_core",
                "com.google.guava:guava"
            ]
        },
        "com.google.errorprone:error_prone_annotation": {
            "locked": "2.3.1",
            "transitive": [
                "com.google.errorprone:error_prone_check_api",
                "com.google.errorprone:error_prone_core"
            ]
        },
        "com.google.errorprone:error_prone_annotations": {
            "locked": "2.3.1",
            "transitive": [
                "com.google.errorprone:error_prone_check_api",
                "com.google.errorprone:error_prone_core",
                "com.google.guava:guava"
            ]
        },
        "com.google.errorprone:error_prone_check_api": {
            "locked": "2.3.1",
            "transitive": [
                "com.google.errorprone:error_prone_core"
            ]
        },
        "com.google.errorprone:error_prone_core": {
            "locked": "2.3.1",
            "transitive": [
                "com.palantir.baseline:baseline-error-prone"
            ]
        },
        "com.google.errorprone:error_prone_type_annotations": {
            "locked": "2.3.1",
            "transitive": [
                "com.google.errorprone:error_prone_core"
            ]
        },
        "com.google.guava:guava": {
            "locked": "23.6.1-jre",
            "transitive": [
                "com.google.auto:auto-common",
                "com.google.errorprone:error_prone_annotation",
                "com.google.errorprone:error_prone_core"
            ]
        },
        "com.google.j2objc:j2objc-annotations": {
            "locked": "1.1",
            "transitive": [
                "com.google.guava:guava"
            ]
        },
        "com.googlecode.java-diff-utils:diffutils": {
            "locked": "1.3.0",
            "transitive": [
                "com.google.errorprone:error_prone_check_api"
            ]
        },
        "com.palantir.baseline:baseline-error-prone": {
            "locked": "0.35.0",
            "requested": "0.35.0"
        },
        "com.palantir.conjure.java.api:ssl-config": {
            "locked": "2.0.0"
        },
        "org.checkerframework:checker-compat-qual": {
            "locked": "2.0.0",
            "transitive": [
                "com.google.guava:guava"
            ]
        },
        "org.checkerframework:checker-qual": {
            "locked": "2.5.0",
            "transitive": [
                "org.checkerframework:dataflow",
                "org.checkerframework:javacutil"
            ]
        },
        "org.checkerframework:dataflow": {
            "locked": "2.5.0",
            "transitive": [
                "com.google.errorprone:error_prone_check_api",
                "com.google.errorprone:error_prone_core"
            ]
        },
        "org.checkerframework:javacutil": {
            "locked": "2.5.0",
            "transitive": [
                "org.checkerframework:dataflow"
            ]
        },
        "org.codehaus.mojo:animal-sniffer-annotations": {
            "locked": "1.14",
            "transitive": [
                "com.google.guava:guava"
            ]
        },
        "org.immutables:value": {
            "locked": "2.3.10"
        },
        "org.pcollections:pcollections": {
            "locked": "2.1.2",
            "transitive": [
                "com.google.errorprone:error_prone_core"
            ]
        }
    },
    "runtime": {
        "com.fasterxml.jackson.core:jackson-annotations": {
            "locked": "2.9.5",
            "transitive": [
                "com.fasterxml.jackson.core:jackson-databind"
            ]
        },
        "com.fasterxml.jackson.core:jackson-core": {
            "locked": "2.9.5",
            "transitive": [
                "com.fasterxml.jackson.core:jackson-databind"
            ]
        },
        "com.fasterxml.jackson.core:jackson-databind": {
            "locked": "2.9.5",
            "transitive": [
                "com.palantir.conjure.java.api:ssl-config"
            ]
        },
        "com.google.code.findbugs:jsr305": {
            "locked": "3.0.0",
            "transitive": [
                "com.google.guava:guava"
            ]
        },
        "com.google.errorprone:error_prone_annotations": {
            "locked": "2.1.3",
            "transitive": [
                "com.google.guava:guava"
            ]
        },
        "com.google.guava:guava": {
            "locked": "23.6.1-jre"
        },
        "com.google.j2objc:j2objc-annotations": {
            "locked": "1.1",
            "transitive": [
                "com.google.guava:guava"
            ]
        },
        "com.palantir.conjure.java.api:ssl-config": {
            "locked": "2.0.0"
        },
        "org.checkerframework:checker-compat-qual": {
            "locked": "2.0.0",
            "transitive": [
                "com.google.guava:guava"
            ]
        },
        "org.codehaus.mojo:animal-sniffer-annotations": {
            "locked": "1.14",
            "transitive": [
                "com.google.guava:guava"
            ]
        }
    }
}