{
    "compileClasspath": {
        "com.fasterxml.jackson.core:jackson-annotations": {
            "locked": "2.9.5",
            "transitive": [
                "com.fasterxml.jackson.core:jackson-databind"
            ]
        },
        "com.fasterxml.jackson.core:jackson-core": {
            "locked": "2.9.5",
            "transitive": [
                "com.fasterxml.jackson.core:jackson-databind"
            ]
        },
        "com.fasterxml.jackson.core:jackson-databind": {
            "locked": "2.9.5",
            "transitive": [
                "com.palantir.remoting-api:ssl-config",
                "com.palantir.remoting3:keystores"
            ]
        },
        "com.google.guava:guava": {
            "locked": "20.0",
            "transitive": [
                "com.palantir.remoting3:keystores"
            ]
        },
        "com.palantir.remoting-api:ssl-config": {
            "locked": "1.9.0",
            "transitive": [
                "com.palantir.remoting3:keystores"
            ]
        },
        "com.palantir.remoting3:keystores": {
            "project": true
        },
        "org.bouncycastle:bcpkix-jdk15on": {
            "locked": "1.54"
        },
        "org.bouncycastle:bcprov-jdk15on": {
            "locked": "1.54",
            "transitive": [
                "org.bouncycastle:bcpkix-jdk15on"
            ]
        }
    },
    "runtime": {
        "com.fasterxml.jackson.core:jackson-annotations": {
            "locked": "2.9.5",
            "transitive": [
                "com.fasterxml.jackson.core:jackson-databind"
            ]
        },
        "com.fasterxml.jackson.core:jackson-core": {
            "locked": "2.9.5",
            "transitive": [
                "com.fasterxml.jackson.core:jackson-databind"
            ]
        },
        "com.fasterxml.jackson.core:jackson-databind": {
            "locked": "2.9.5",
            "transitive": [
                "com.palantir.remoting-api:ssl-config",
                "com.palantir.remoting3:keystores"
            ]
        },
        "com.google.guava:guava": {
            "locked": "20.0",
            "transitive": [
                "com.palantir.remoting3:keystores"
            ]
        },
        "com.palantir.remoting-api:ssl-config": {
            "locked": "1.9.0",
            "transitive": [
                "com.palantir.remoting3:keystores"
            ]
        },
        "com.palantir.remoting3:keystores": {
            "project": true
        },
        "org.bouncycastle:bcpkix-jdk15on": {
            "locked": "1.54"
        },
        "org.bouncycastle:bcprov-jdk15on": {
            "locked": "1.54",
            "transitive": [
                "org.bouncycastle:bcpkix-jdk15on"
            ]
        }
    }
}