{
    "compileClasspath": {
        "com.fasterxml.jackson.core:jackson-annotations": {
            "locked": "2.6.1",
            "transitive": [
                "com.fasterxml.jackson.core:jackson-databind",
                "io.dropwizard:dropwizard-util"
            ]
        },
        "com.fasterxml.jackson.core:jackson-core": {
            "locked": "2.6.1",
            "transitive": [
                "com.fasterxml.jackson.core:jackson-databind",
                "com.fasterxml.jackson.datatype:jackson-datatype-guava",
                "com.fasterxml.jackson.datatype:jackson-datatype-jdk7"
            ]
        },
        "com.fasterxml.jackson.core:jackson-databind": {
            "locked": "2.6.1",
            "transitive": [
                "com.fasterxml.jackson.datatype:jackson-datatype-guava",
                "com.fasterxml.jackson.datatype:jackson-datatype-jdk7",
                "com.netflix.feign:feign-jackson",
                "com.palantir.remoting:error-handling",
                "com.palantir.remoting:ssl-config",
                "com.palantir.tokens:auth-tokens"
            ]
        },
        "com.fasterxml.jackson.datatype:jackson-datatype-guava": {
            "locked": "2.6.1"
        },
        "com.fasterxml.jackson.datatype:jackson-datatype-jdk7": {
            "locked": "2.6.1"
        },
        "com.google.code.findbugs:jsr305": {
            "locked": "3.0.0",
            "transitive": [
                "com.palantir.remoting:error-handling",
                "io.dropwizard:dropwizard-util"
            ]
        },
        "com.google.guava:guava": {
            "locked": "18.0",
            "transitive": [
                "com.fasterxml.jackson.datatype:jackson-datatype-guava",
                "com.palantir.remoting:error-handling",
                "com.palantir.remoting:ssl-config",
                "com.palantir.tokens:auth-tokens",
                "io.dropwizard:dropwizard-util"
            ]
        },
        "com.netflix.feign:feign-core": {
            "locked": "8.17.0",
            "transitive": [
                "com.netflix.feign:feign-jackson",
                "com.netflix.feign:feign-jaxrs",
                "com.netflix.feign:feign-okhttp",
                "com.netflix.feign:feign-slf4j"
            ]
        },
        "com.netflix.feign:feign-jackson": {
            "locked": "8.17.0"
        },
        "com.netflix.feign:feign-jaxrs": {
            "locked": "8.17.0"
        },
        "com.netflix.feign:feign-okhttp": {
            "locked": "8.17.0"
        },
        "com.netflix.feign:feign-slf4j": {
            "locked": "8.17.0"
        },
        "com.palantir.remoting:brave-extensions": {
            "project": true
        },
        "com.palantir.remoting:error-handling": {
            "project": true
        },
        "com.palantir.remoting:service-config": {
            "project": true
        },
        "com.palantir.remoting:ssl-config": {
            "project": true,
            "transitive": [
                "com.palantir.remoting:service-config"
            ]
        },
        "com.palantir.tokens:auth-tokens": {
            "locked": "0.2.3",
            "transitive": [
                "com.palantir.remoting:service-config"
            ]
        },
        "com.squareup.okhttp3:okhttp": {
            "locked": "3.4.1",
            "transitive": [
                "com.netflix.feign:feign-okhttp",
                "io.zipkin.brave:brave-okhttp"
            ]
        },
        "com.squareup.okio:okio": {
            "locked": "1.9.0",
            "transitive": [
                "com.squareup.okhttp3:okhttp"
            ]
        },
        "io.dropwizard:dropwizard-util": {
            "locked": "0.8.2",
            "transitive": [
                "com.palantir.remoting:service-config"
            ]
        },
        "io.zipkin.brave:brave-core": {
            "locked": "3.9.0",
            "transitive": [
                "com.palantir.remoting:brave-extensions",
                "io.zipkin.brave:brave-http"
            ]
        },
        "io.zipkin.brave:brave-http": {
            "locked": "3.9.0",
            "transitive": [
                "io.zipkin.brave:brave-okhttp"
            ]
        },
        "io.zipkin.brave:brave-okhttp": {
            "locked": "3.9.0"
        },
        "io.zipkin.java:zipkin": {
            "locked": "1.0.0",
            "transitive": [
                "io.zipkin.brave:brave-core"
            ]
        },
        "javax.ws.rs:javax.ws.rs-api": {
            "locked": "2.0.1",
            "transitive": [
                "com.palantir.remoting:error-handling"
            ]
        },
        "joda-time:joda-time": {
            "locked": "2.7",
            "transitive": [
                "io.dropwizard:dropwizard-util"
            ]
        },
        "org.jvnet:animal-sniffer-annotation": {
            "locked": "1.0",
            "transitive": [
                "com.netflix.feign:feign-core"
            ]
        },
        "org.slf4j:jcl-over-slf4j": {
            "locked": "1.7.12",
            "transitive": [
                "com.palantir.tokens:auth-tokens"
            ]
        },
        "org.slf4j:slf4j-api": {
            "locked": "1.7.12",
            "transitive": [
                "com.netflix.feign:feign-slf4j",
                "com.palantir.remoting:brave-extensions",
                "com.palantir.remoting:error-handling",
                "com.palantir.tokens:auth-tokens",
                "org.slf4j:jcl-over-slf4j"
            ]
        }
    },
    "runtime": {
        "com.fasterxml.jackson.core:jackson-annotations": {
            "locked": "2.6.1",
            "transitive": [
                "com.fasterxml.jackson.core:jackson-databind",
                "io.dropwizard:dropwizard-util"
            ]
        },
        "com.fasterxml.jackson.core:jackson-core": {
            "locked": "2.6.1",
            "transitive": [
                "com.fasterxml.jackson.core:jackson-databind",
                "com.fasterxml.jackson.datatype:jackson-datatype-guava",
                "com.fasterxml.jackson.datatype:jackson-datatype-jdk7"
            ]
        },
        "com.fasterxml.jackson.core:jackson-databind": {
            "locked": "2.6.1",
            "transitive": [
                "com.fasterxml.jackson.datatype:jackson-datatype-guava",
                "com.fasterxml.jackson.datatype:jackson-datatype-jdk7",
                "com.netflix.feign:feign-jackson",
                "com.palantir.remoting:error-handling",
                "com.palantir.remoting:ssl-config",
                "com.palantir.tokens:auth-tokens"
            ]
        },
        "com.fasterxml.jackson.datatype:jackson-datatype-guava": {
            "locked": "2.6.1"
        },
        "com.fasterxml.jackson.datatype:jackson-datatype-jdk7": {
            "locked": "2.6.1"
        },
        "com.google.code.findbugs:jsr305": {
            "locked": "3.0.0",
            "transitive": [
                "com.palantir.remoting:error-handling",
                "io.dropwizard:dropwizard-util"
            ]
        },
        "com.google.guava:guava": {
            "locked": "18.0",
            "transitive": [
                "com.fasterxml.jackson.datatype:jackson-datatype-guava",
                "com.palantir.remoting:error-handling",
                "com.palantir.remoting:ssl-config",
                "com.palantir.tokens:auth-tokens",
                "io.dropwizard:dropwizard-util"
            ]
        },
        "com.netflix.feign:feign-core": {
            "locked": "8.17.0",
            "transitive": [
                "com.netflix.feign:feign-jackson",
                "com.netflix.feign:feign-jaxrs",
                "com.netflix.feign:feign-okhttp",
                "com.netflix.feign:feign-slf4j"
            ]
        },
        "com.netflix.feign:feign-jackson": {
            "locked": "8.17.0"
        },
        "com.netflix.feign:feign-jaxrs": {
            "locked": "8.17.0"
        },
        "com.netflix.feign:feign-okhttp": {
            "locked": "8.17.0"
        },
        "com.netflix.feign:feign-slf4j": {
            "locked": "8.17.0"
        },
        "com.palantir.remoting:brave-extensions": {
            "project": true
        },
        "com.palantir.remoting:error-handling": {
            "project": true
        },
        "com.palantir.remoting:service-config": {
            "project": true
        },
        "com.palantir.remoting:ssl-config": {
            "project": true,
            "transitive": [
                "com.palantir.remoting:service-config"
            ]
        },
        "com.palantir.tokens:auth-tokens": {
            "locked": "0.2.3",
            "transitive": [
                "com.palantir.remoting:service-config"
            ]
        },
        "com.squareup.okhttp3:okhttp": {
            "locked": "3.4.1",
            "transitive": [
                "com.netflix.feign:feign-okhttp",
                "io.zipkin.brave:brave-okhttp"
            ]
        },
        "com.squareup.okio:okio": {
            "locked": "1.9.0",
            "transitive": [
                "com.squareup.okhttp3:okhttp"
            ]
        },
        "io.dropwizard:dropwizard-util": {
            "locked": "0.8.2",
            "transitive": [
                "com.palantir.remoting:service-config"
            ]
        },
        "io.zipkin.brave:brave-core": {
            "locked": "3.9.0",
            "transitive": [
                "com.palantir.remoting:brave-extensions",
                "io.zipkin.brave:brave-http"
            ]
        },
        "io.zipkin.brave:brave-http": {
            "locked": "3.9.0",
            "transitive": [
                "io.zipkin.brave:brave-okhttp"
            ]
        },
        "io.zipkin.brave:brave-okhttp": {
            "locked": "3.9.0"
        },
        "io.zipkin.java:zipkin": {
            "locked": "1.0.0",
            "transitive": [
                "io.zipkin.brave:brave-core"
            ]
        },
        "javax.ws.rs:javax.ws.rs-api": {
            "locked": "2.0.1",
            "transitive": [
                "com.palantir.remoting:error-handling"
            ]
        },
        "joda-time:joda-time": {
            "locked": "2.7",
            "transitive": [
                "io.dropwizard:dropwizard-util"
            ]
        },
        "org.jvnet:animal-sniffer-annotation": {
            "locked": "1.0",
            "transitive": [
                "com.netflix.feign:feign-core"
            ]
        },
        "org.slf4j:jcl-over-slf4j": {
            "locked": "1.7.12",
            "transitive": [
                "com.palantir.tokens:auth-tokens"
            ]
        },
        "org.slf4j:slf4j-api": {
            "locked": "1.7.12",
            "transitive": [
                "com.netflix.feign:feign-slf4j",
                "com.palantir.remoting:brave-extensions",
                "com.palantir.remoting:error-handling",
                "com.palantir.tokens:auth-tokens",
                "org.slf4j:jcl-over-slf4j"
            ]
        }
    }
}