{
    "compileClasspath": {
        "com.fasterxml.jackson.core:jackson-annotations": {
            "locked": "2.9.5",
            "transitive": [
                "com.fasterxml.jackson.core:jackson-databind",
                "com.fasterxml.jackson.datatype:jackson-datatype-jsr310",
                "com.fasterxml.jackson.module:jackson-module-scala_2.11"
            ]
        },
        "com.fasterxml.jackson.core:jackson-core": {
            "locked": "2.9.5",
            "transitive": [
                "com.fasterxml.jackson.core:jackson-databind",
                "com.fasterxml.jackson.dataformat:jackson-dataformat-cbor",
                "com.fasterxml.jackson.datatype:jackson-datatype-guava",
                "com.fasterxml.jackson.datatype:jackson-datatype-jdk8",
                "com.fasterxml.jackson.datatype:jackson-datatype-jsr310",
                "com.fasterxml.jackson.module:jackson-module-afterburner",
                "com.fasterxml.jackson.module:jackson-module-scala_2.11"
            ]
        },
        "com.fasterxml.jackson.core:jackson-databind": {
            "locked": "2.9.5",
            "transitive": [
                "com.fasterxml.jackson.datatype:jackson-datatype-guava",
                "com.fasterxml.jackson.datatype:jackson-datatype-jdk8",
                "com.fasterxml.jackson.datatype:jackson-datatype-jsr310",
                "com.fasterxml.jackson.module:jackson-module-afterburner",
                "com.fasterxml.jackson.module:jackson-module-paranamer",
                "com.fasterxml.jackson.module:jackson-module-scala_2.11",
                "com.netflix.feign:feign-jackson",
                "com.palantir.conjure.java.api:errors",
                "com.palantir.conjure.java.api:ssl-config",
                "com.palantir.conjure.java.runtime:conjure-java-jackson-serialization",
                "com.palantir.conjure.java.runtime:keystores",
                "com.palantir.tokens:auth-tokens",
                "com.palantir.tracing:tracing",
                "com.palantir.tracing:tracing-api"
            ]
        },
        "com.fasterxml.jackson.dataformat:jackson-dataformat-cbor": {
            "locked": "2.9.5",
            "transitive": [
                "com.palantir.conjure.java.runtime:conjure-java-jackson-serialization"
            ]
        },
        "com.fasterxml.jackson.datatype:jackson-datatype-guava": {
            "locked": "2.9.5",
            "transitive": [
                "com.palantir.conjure.java.runtime:conjure-java-jackson-serialization",
                "com.palantir.tracing:tracing"
            ]
        },
        "com.fasterxml.jackson.datatype:jackson-datatype-jdk8": {
            "locked": "2.9.5",
            "transitive": [
                "com.palantir.conjure.java.runtime:conjure-java-jackson-serialization",
                "com.palantir.tokens:auth-tokens",
                "com.palantir.tracing:tracing"
            ]
        },
        "com.fasterxml.jackson.datatype:jackson-datatype-jsr310": {
            "locked": "2.9.5",
            "transitive": [
                "com.palantir.conjure.java.runtime:conjure-java-jackson-serialization"
            ]
        },
        "com.fasterxml.jackson.module:jackson-module-afterburner": {
            "locked": "2.9.5",
            "transitive": [
                "com.palantir.conjure.java.runtime:conjure-java-jackson-serialization",
                "com.palantir.tracing:tracing"
            ]
        },
        "com.fasterxml.jackson.module:jackson-module-paranamer": {
            "locked": "2.9.5",
            "transitive": [
                "com.fasterxml.jackson.module:jackson-module-scala_2.11"
            ]
        },
        "com.fasterxml.jackson.module:jackson-module-scala_2.11": {
            "locked": "2.9.5"
        },
        "com.google.code.findbugs:jsr305": {
            "locked": "3.0.0",
            "transitive": [
                "com.palantir.conjure.java.api:errors",
                "com.palantir.conjure.java.runtime:conjure-java-jaxrs-client",
                "com.palantir.conjure.java.runtime:refresh-utils"
            ]
        },
        "com.google.errorprone:error_prone_annotations": {
            "locked": "2.1.3",
            "transitive": [
                "com.palantir.safe-logging:preconditions"
            ]
        },
        "com.google.guava:guava": {
            "locked": "20.0",
            "transitive": [
                "com.fasterxml.jackson.datatype:jackson-datatype-guava",
                "com.palantir.conjure.java.runtime:conjure-java-jaxrs-client",
                "com.palantir.conjure.java.runtime:error-handling",
                "com.palantir.conjure.java.runtime:keystores",
                "com.palantir.conjure.java.runtime:okhttp-clients",
                "com.palantir.conjure.java.runtime:refresh-utils",
                "com.palantir.tracing:tracing"
            ]
        },
        "com.netflix.feign:feign-core": {
            "locked": "8.17.0",
            "transitive": [
                "com.netflix.feign:feign-jackson",
                "com.netflix.feign:feign-jaxrs",
                "com.netflix.feign:feign-okhttp",
                "com.netflix.feign:feign-slf4j"
            ]
        },
        "com.netflix.feign:feign-jackson": {
            "locked": "8.17.0",
            "transitive": [
                "com.palantir.conjure.java.runtime:conjure-java-jaxrs-client"
            ]
        },
        "com.netflix.feign:feign-jaxrs": {
            "locked": "8.17.0",
            "transitive": [
                "com.palantir.conjure.java.runtime:conjure-java-jaxrs-client"
            ]
        },
        "com.netflix.feign:feign-okhttp": {
            "locked": "8.17.0",
            "transitive": [
                "com.palantir.conjure.java.runtime:conjure-java-jaxrs-client"
            ]
        },
        "com.netflix.feign:feign-slf4j": {
            "locked": "8.17.0",
            "transitive": [
                "com.palantir.conjure.java.runtime:conjure-java-jaxrs-client"
            ]
        },
        "com.palantir.conjure.java.api:errors": {
            "locked": "2.0.0-rc5",
            "transitive": [
                "com.palantir.conjure.java.runtime:error-handling"
            ]
        },
        "com.palantir.conjure.java.api:service-config": {
            "locked": "2.0.0-rc5",
            "transitive": [
                "com.palantir.conjure.java.runtime:client-config"
            ]
        },
        "com.palantir.conjure.java.api:ssl-config": {
            "locked": "2.0.0-rc5",
            "transitive": [
                "com.palantir.conjure.java.api:service-config",
                "com.palantir.conjure.java.runtime:keystores"
            ]
        },
        "com.palantir.conjure.java.runtime:client-config": {
            "project": true,
            "transitive": [
                "com.palantir.conjure.java.runtime:conjure-java-jaxrs-client",
                "com.palantir.conjure.java.runtime:okhttp-clients"
            ]
        },
        "com.palantir.conjure.java.runtime:conjure-java-jackson-serialization": {
            "project": true,
            "transitive": [
                "com.palantir.conjure.java.runtime:conjure-java-jaxrs-client",
                "com.palantir.conjure.java.runtime:error-handling"
            ]
        },
        "com.palantir.conjure.java.runtime:conjure-java-jaxrs-client": {
            "project": true
        },
        "com.palantir.conjure.java.runtime:error-handling": {
            "project": true,
            "transitive": [
                "com.palantir.conjure.java.runtime:conjure-java-jaxrs-client",
                "com.palantir.conjure.java.runtime:okhttp-clients"
            ]
        },
        "com.palantir.conjure.java.runtime:keystores": {
            "project": true,
            "transitive": [
                "com.palantir.conjure.java.runtime:client-config",
                "com.palantir.conjure.java.runtime:conjure-java-jaxrs-client"
            ]
        },
        "com.palantir.conjure.java.runtime:okhttp-clients": {
            "project": true,
            "transitive": [
                "com.palantir.conjure.java.runtime:conjure-java-jaxrs-client"
            ]
        },
        "com.palantir.conjure.java.runtime:refresh-utils": {
            "project": true,
            "transitive": [
                "com.palantir.conjure.java.runtime:conjure-java-jaxrs-client"
            ]
        },
        "com.palantir.safe-logging:preconditions": {
            "locked": "1.3.0",
            "transitive": [
                "com.palantir.conjure.java.api:service-config",
                "com.palantir.conjure.java.runtime:okhttp-clients"
            ]
        },
        "com.palantir.safe-logging:safe-logging": {
            "locked": "1.3.0",
            "transitive": [
                "com.palantir.conjure.java.api:errors",
                "com.palantir.conjure.java.api:service-config",
                "com.palantir.conjure.java.runtime:client-config",
                "com.palantir.safe-logging:preconditions",
                "com.palantir.tracing:tracing",
                "com.palantir.tritium:tritium-registry"
            ]
        },
        "com.palantir.tokens:auth-tokens": {
            "locked": "3.0.0",
            "transitive": [
                "com.palantir.conjure.java.api:service-config"
            ]
        },
        "com.palantir.tracing:tracing": {
            "locked": "0.3.0",
            "transitive": [
                "com.palantir.tracing:tracing-okhttp3"
            ]
        },
        "com.palantir.tracing:tracing-api": {
            "locked": "0.3.0",
            "transitive": [
                "com.palantir.tracing:tracing"
            ]
        },
        "com.palantir.tracing:tracing-okhttp3": {
            "locked": "0.3.0",
            "transitive": [
                "com.palantir.conjure.java.runtime:conjure-java-jaxrs-client",
                "com.palantir.conjure.java.runtime:okhttp-clients"
            ]
        },
        "com.palantir.tritium:tritium-registry": {
            "locked": "0.8.0",
            "transitive": [
                "com.palantir.conjure.java.runtime:okhttp-clients"
            ]
        },
        "com.squareup.okhttp3:logging-interceptor": {
            "locked": "3.9.0",
            "transitive": [
                "com.palantir.conjure.java.runtime:okhttp-clients"
            ]
        },
        "com.squareup.okhttp3:okhttp": {
            "locked": "3.9.0",
            "transitive": [
                "com.netflix.feign:feign-okhttp",
                "com.palantir.conjure.java.runtime:okhttp-clients",
                "com.palantir.tracing:tracing-okhttp3",
                "com.squareup.okhttp3:logging-interceptor"
            ]
        },
        "com.squareup.okio:okio": {
            "locked": "1.13.0",
            "transitive": [
                "com.squareup.okhttp3:okhttp"
            ]
        },
        "com.thoughtworks.paranamer:paranamer": {
            "locked": "2.8",
            "transitive": [
                "com.fasterxml.jackson.module:jackson-module-paranamer"
            ]
        },
        "io.dropwizard.metrics:metrics-core": {
            "locked": "3.2.5",
            "transitive": [
                "com.palantir.conjure.java.runtime:okhttp-clients",
                "com.palantir.tritium:tritium-registry"
            ]
        },
        "javax.ws.rs:javax.ws.rs-api": {
            "locked": "2.0.1",
            "transitive": [
                "com.palantir.conjure.java.api:errors",
                "com.palantir.conjure.java.runtime:conjure-java-jaxrs-client",
                "com.palantir.conjure.java.runtime:error-handling"
            ]
        },
        "org.jvnet:animal-sniffer-annotation": {
            "locked": "1.0",
            "transitive": [
                "com.netflix.feign:feign-core"
            ]
        },
        "org.scala-lang:scala-library": {
            "locked": "2.11.11",
            "transitive": [
                "com.fasterxml.jackson.module:jackson-module-scala_2.11",
                "org.scala-lang:scala-reflect"
            ]
        },
        "org.scala-lang:scala-reflect": {
            "locked": "2.11.11",
            "transitive": [
                "com.fasterxml.jackson.module:jackson-module-scala_2.11"
            ]
        },
        "org.slf4j:slf4j-api": {
            "locked": "1.7.12",
            "transitive": [
                "com.netflix.feign:feign-slf4j",
                "com.palantir.conjure.java.runtime:conjure-java-jaxrs-client",
                "com.palantir.conjure.java.runtime:error-handling",
                "com.palantir.conjure.java.runtime:okhttp-clients",
                "com.palantir.tokens:auth-tokens",
                "com.palantir.tracing:tracing",
                "io.dropwizard.metrics:metrics-core"
            ]
        }
    },
    "runtime": {
        "com.fasterxml.jackson.core:jackson-annotations": {
            "locked": "2.9.5",
            "transitive": [
                "com.fasterxml.jackson.core:jackson-databind",
                "com.fasterxml.jackson.datatype:jackson-datatype-jsr310",
                "com.fasterxml.jackson.module:jackson-module-scala_2.11"
            ]
        },
        "com.fasterxml.jackson.core:jackson-core": {
            "locked": "2.9.5",
            "transitive": [
                "com.fasterxml.jackson.core:jackson-databind",
                "com.fasterxml.jackson.dataformat:jackson-dataformat-cbor",
                "com.fasterxml.jackson.datatype:jackson-datatype-guava",
                "com.fasterxml.jackson.datatype:jackson-datatype-jdk8",
                "com.fasterxml.jackson.datatype:jackson-datatype-jsr310",
                "com.fasterxml.jackson.module:jackson-module-afterburner",
                "com.fasterxml.jackson.module:jackson-module-scala_2.11"
            ]
        },
        "com.fasterxml.jackson.core:jackson-databind": {
            "locked": "2.9.5",
            "transitive": [
                "com.fasterxml.jackson.datatype:jackson-datatype-guava",
                "com.fasterxml.jackson.datatype:jackson-datatype-jdk8",
                "com.fasterxml.jackson.datatype:jackson-datatype-jsr310",
                "com.fasterxml.jackson.module:jackson-module-afterburner",
                "com.fasterxml.jackson.module:jackson-module-paranamer",
                "com.fasterxml.jackson.module:jackson-module-scala_2.11",
                "com.netflix.feign:feign-jackson",
                "com.palantir.conjure.java.api:errors",
                "com.palantir.conjure.java.api:ssl-config",
                "com.palantir.conjure.java.runtime:conjure-java-jackson-serialization",
                "com.palantir.conjure.java.runtime:keystores",
                "com.palantir.tokens:auth-tokens",
                "com.palantir.tracing:tracing",
                "com.palantir.tracing:tracing-api"
            ]
        },
        "com.fasterxml.jackson.dataformat:jackson-dataformat-cbor": {
            "locked": "2.9.5",
            "transitive": [
                "com.palantir.conjure.java.runtime:conjure-java-jackson-serialization"
            ]
        },
        "com.fasterxml.jackson.datatype:jackson-datatype-guava": {
            "locked": "2.9.5",
            "transitive": [
                "com.palantir.conjure.java.runtime:conjure-java-jackson-serialization",
                "com.palantir.tracing:tracing"
            ]
        },
        "com.fasterxml.jackson.datatype:jackson-datatype-jdk8": {
            "locked": "2.9.5",
            "transitive": [
                "com.palantir.conjure.java.runtime:conjure-java-jackson-serialization",
                "com.palantir.tokens:auth-tokens",
                "com.palantir.tracing:tracing"
            ]
        },
        "com.fasterxml.jackson.datatype:jackson-datatype-jsr310": {
            "locked": "2.9.5",
            "transitive": [
                "com.palantir.conjure.java.runtime:conjure-java-jackson-serialization"
            ]
        },
        "com.fasterxml.jackson.module:jackson-module-afterburner": {
            "locked": "2.9.5",
            "transitive": [
                "com.palantir.conjure.java.runtime:conjure-java-jackson-serialization",
                "com.palantir.tracing:tracing"
            ]
        },
        "com.fasterxml.jackson.module:jackson-module-paranamer": {
            "locked": "2.9.5",
            "transitive": [
                "com.fasterxml.jackson.module:jackson-module-scala_2.11"
            ]
        },
        "com.fasterxml.jackson.module:jackson-module-scala_2.11": {
            "locked": "2.9.5"
        },
        "com.google.code.findbugs:jsr305": {
            "locked": "3.0.0",
            "transitive": [
                "com.palantir.conjure.java.api:errors",
                "com.palantir.conjure.java.runtime:conjure-java-jaxrs-client",
                "com.palantir.conjure.java.runtime:refresh-utils"
            ]
        },
        "com.google.errorprone:error_prone_annotations": {
            "locked": "2.1.3",
            "transitive": [
                "com.palantir.safe-logging:preconditions"
            ]
        },
        "com.google.guava:guava": {
            "locked": "20.0",
            "transitive": [
                "com.fasterxml.jackson.datatype:jackson-datatype-guava",
                "com.palantir.conjure.java.runtime:conjure-java-jaxrs-client",
                "com.palantir.conjure.java.runtime:error-handling",
                "com.palantir.conjure.java.runtime:keystores",
                "com.palantir.conjure.java.runtime:okhttp-clients",
                "com.palantir.conjure.java.runtime:refresh-utils",
                "com.palantir.tracing:tracing"
            ]
        },
        "com.netflix.feign:feign-core": {
            "locked": "8.17.0",
            "transitive": [
                "com.netflix.feign:feign-jackson",
                "com.netflix.feign:feign-jaxrs",
                "com.netflix.feign:feign-okhttp",
                "com.netflix.feign:feign-slf4j"
            ]
        },
        "com.netflix.feign:feign-jackson": {
            "locked": "8.17.0",
            "transitive": [
                "com.palantir.conjure.java.runtime:conjure-java-jaxrs-client"
            ]
        },
        "com.netflix.feign:feign-jaxrs": {
            "locked": "8.17.0",
            "transitive": [
                "com.palantir.conjure.java.runtime:conjure-java-jaxrs-client"
            ]
        },
        "com.netflix.feign:feign-okhttp": {
            "locked": "8.17.0",
            "transitive": [
                "com.palantir.conjure.java.runtime:conjure-java-jaxrs-client"
            ]
        },
        "com.netflix.feign:feign-slf4j": {
            "locked": "8.17.0",
            "transitive": [
                "com.palantir.conjure.java.runtime:conjure-java-jaxrs-client"
            ]
        },
        "com.palantir.conjure.java.api:errors": {
            "locked": "2.0.0-rc5",
            "transitive": [
                "com.palantir.conjure.java.runtime:error-handling"
            ]
        },
        "com.palantir.conjure.java.api:service-config": {
            "locked": "2.0.0-rc5",
            "transitive": [
                "com.palantir.conjure.java.runtime:client-config"
            ]
        },
        "com.palantir.conjure.java.api:ssl-config": {
            "locked": "2.0.0-rc5",
            "transitive": [
                "com.palantir.conjure.java.api:service-config",
                "com.palantir.conjure.java.runtime:keystores"
            ]
        },
        "com.palantir.conjure.java.runtime:client-config": {
            "project": true,
            "transitive": [
                "com.palantir.conjure.java.runtime:conjure-java-jaxrs-client",
                "com.palantir.conjure.java.runtime:okhttp-clients"
            ]
        },
        "com.palantir.conjure.java.runtime:conjure-java-jackson-serialization": {
            "project": true,
            "transitive": [
                "com.palantir.conjure.java.runtime:conjure-java-jaxrs-client",
                "com.palantir.conjure.java.runtime:error-handling"
            ]
        },
        "com.palantir.conjure.java.runtime:conjure-java-jaxrs-client": {
            "project": true
        },
        "com.palantir.conjure.java.runtime:error-handling": {
            "project": true,
            "transitive": [
                "com.palantir.conjure.java.runtime:conjure-java-jaxrs-client",
                "com.palantir.conjure.java.runtime:okhttp-clients"
            ]
        },
        "com.palantir.conjure.java.runtime:keystores": {
            "project": true,
            "transitive": [
                "com.palantir.conjure.java.runtime:client-config",
                "com.palantir.conjure.java.runtime:conjure-java-jaxrs-client"
            ]
        },
        "com.palantir.conjure.java.runtime:okhttp-clients": {
            "project": true,
            "transitive": [
                "com.palantir.conjure.java.runtime:conjure-java-jaxrs-client"
            ]
        },
        "com.palantir.conjure.java.runtime:refresh-utils": {
            "project": true,
            "transitive": [
                "com.palantir.conjure.java.runtime:conjure-java-jaxrs-client"
            ]
        },
        "com.palantir.safe-logging:preconditions": {
            "locked": "1.3.0",
            "transitive": [
                "com.palantir.conjure.java.api:service-config",
                "com.palantir.conjure.java.runtime:okhttp-clients"
            ]
        },
        "com.palantir.safe-logging:safe-logging": {
            "locked": "1.3.0",
            "transitive": [
                "com.palantir.conjure.java.api:errors",
                "com.palantir.conjure.java.api:service-config",
                "com.palantir.conjure.java.runtime:client-config",
                "com.palantir.safe-logging:preconditions",
                "com.palantir.tracing:tracing",
                "com.palantir.tritium:tritium-registry"
            ]
        },
        "com.palantir.tokens:auth-tokens": {
            "locked": "3.0.0",
            "transitive": [
                "com.palantir.conjure.java.api:service-config"
            ]
        },
        "com.palantir.tracing:tracing": {
            "locked": "0.3.0",
            "transitive": [
                "com.palantir.tracing:tracing-okhttp3"
            ]
        },
        "com.palantir.tracing:tracing-api": {
            "locked": "0.3.0",
            "transitive": [
                "com.palantir.tracing:tracing"
            ]
        },
        "com.palantir.tracing:tracing-okhttp3": {
            "locked": "0.3.0",
            "transitive": [
                "com.palantir.conjure.java.runtime:conjure-java-jaxrs-client",
                "com.palantir.conjure.java.runtime:okhttp-clients"
            ]
        },
        "com.palantir.tritium:tritium-registry": {
            "locked": "0.8.0",
            "transitive": [
                "com.palantir.conjure.java.runtime:okhttp-clients"
            ]
        },
        "com.squareup.okhttp3:logging-interceptor": {
            "locked": "3.9.0",
            "transitive": [
                "com.palantir.conjure.java.runtime:okhttp-clients"
            ]
        },
        "com.squareup.okhttp3:okhttp": {
            "locked": "3.9.0",
            "transitive": [
                "com.netflix.feign:feign-okhttp",
                "com.palantir.conjure.java.runtime:okhttp-clients",
                "com.palantir.tracing:tracing-okhttp3",
                "com.squareup.okhttp3:logging-interceptor"
            ]
        },
        "com.squareup.okio:okio": {
            "locked": "1.13.0",
            "transitive": [
                "com.squareup.okhttp3:okhttp"
            ]
        },
        "com.thoughtworks.paranamer:paranamer": {
            "locked": "2.8",
            "transitive": [
                "com.fasterxml.jackson.module:jackson-module-paranamer"
            ]
        },
        "io.dropwizard.metrics:metrics-core": {
            "locked": "3.2.5",
            "transitive": [
                "com.palantir.conjure.java.runtime:okhttp-clients",
                "com.palantir.tritium:tritium-registry"
            ]
        },
        "javax.ws.rs:javax.ws.rs-api": {
            "locked": "2.0.1",
            "transitive": [
                "com.palantir.conjure.java.api:errors",
                "com.palantir.conjure.java.runtime:conjure-java-jaxrs-client",
                "com.palantir.conjure.java.runtime:error-handling"
            ]
        },
        "org.jvnet:animal-sniffer-annotation": {
            "locked": "1.0",
            "transitive": [
                "com.netflix.feign:feign-core"
            ]
        },
        "org.scala-lang:scala-library": {
            "locked": "2.11.11",
            "transitive": [
                "com.fasterxml.jackson.module:jackson-module-scala_2.11",
                "org.scala-lang:scala-reflect"
            ]
        },
        "org.scala-lang:scala-reflect": {
            "locked": "2.11.11",
            "transitive": [
                "com.fasterxml.jackson.module:jackson-module-scala_2.11"
            ]
        },
        "org.slf4j:slf4j-api": {
            "locked": "1.7.12",
            "transitive": [
                "com.netflix.feign:feign-slf4j",
                "com.palantir.conjure.java.runtime:conjure-java-jaxrs-client",
                "com.palantir.conjure.java.runtime:error-handling",
                "com.palantir.conjure.java.runtime:okhttp-clients",
                "com.palantir.tokens:auth-tokens",
                "com.palantir.tracing:tracing",
                "io.dropwizard.metrics:metrics-core"
            ]
        }
    }
}