{
    "compileClasspath": {
        "com.fasterxml.jackson.core:jackson-annotations": {
            "locked": "2.9.5",
            "transitive": [
                "com.fasterxml.jackson.core:jackson-databind",
                "com.fasterxml.jackson.datatype:jackson-datatype-jsr310"
            ]
        },
        "com.fasterxml.jackson.core:jackson-core": {
            "locked": "2.9.5",
            "transitive": [
                "com.fasterxml.jackson.core:jackson-databind",
                "com.fasterxml.jackson.dataformat:jackson-dataformat-cbor",
                "com.fasterxml.jackson.datatype:jackson-datatype-guava",
                "com.fasterxml.jackson.datatype:jackson-datatype-jdk8",
                "com.fasterxml.jackson.datatype:jackson-datatype-jsr310",
                "com.fasterxml.jackson.module:jackson-module-afterburner"
            ]
        },
        "com.fasterxml.jackson.core:jackson-databind": {
            "locked": "2.9.5",
            "transitive": [
                "com.fasterxml.jackson.datatype:jackson-datatype-guava",
                "com.fasterxml.jackson.datatype:jackson-datatype-jdk8",
                "com.fasterxml.jackson.datatype:jackson-datatype-jsr310",
                "com.fasterxml.jackson.module:jackson-module-afterburner",
                "com.palantir.conjure.java.api:errors",
                "com.palantir.conjure.java.runtime:conjure-java-jackson-serialization"
            ]
        },
        "com.fasterxml.jackson.dataformat:jackson-dataformat-cbor": {
            "locked": "2.9.5",
            "transitive": [
                "com.palantir.conjure.java.runtime:conjure-java-jackson-serialization"
            ]
        },
        "com.fasterxml.jackson.datatype:jackson-datatype-guava": {
            "locked": "2.9.5",
            "transitive": [
                "com.palantir.conjure.java.runtime:conjure-java-jackson-serialization"
            ]
        },
        "com.fasterxml.jackson.datatype:jackson-datatype-jdk8": {
            "locked": "2.9.5",
            "transitive": [
                "com.palantir.conjure.java.runtime:conjure-java-jackson-serialization"
            ]
        },
        "com.fasterxml.jackson.datatype:jackson-datatype-jsr310": {
            "locked": "2.9.5",
            "transitive": [
                "com.palantir.conjure.java.runtime:conjure-java-jackson-serialization"
            ]
        },
        "com.fasterxml.jackson.module:jackson-module-afterburner": {
            "locked": "2.9.5",
            "transitive": [
                "com.palantir.conjure.java.runtime:conjure-java-jackson-serialization"
            ]
        },
        "com.google.code.findbugs:jsr305": {
            "locked": "3.0.0",
            "transitive": [
                "com.palantir.conjure.java.api:errors"
            ]
        },
        "com.google.guava:guava": {
            "locked": "20.0",
            "transitive": [
                "com.fasterxml.jackson.datatype:jackson-datatype-guava"
            ]
        },
        "com.palantir.conjure.java.api:errors": {
            "locked": "2.0.0-rc2"
        },
        "com.palantir.conjure.java.runtime:conjure-java-jackson-serialization": {
            "project": true
        },
        "com.palantir.safe-logging:safe-logging": {
            "locked": "1.3.0",
            "transitive": [
                "com.palantir.conjure.java.api:errors"
            ]
        },
        "javax.ws.rs:javax.ws.rs-api": {
            "locked": "2.0.1",
            "transitive": [
                "com.palantir.conjure.java.api:errors"
            ]
        },
        "org.slf4j:slf4j-api": {
            "locked": "1.7.12"
        }
    },
    "runtime": {
        "com.fasterxml.jackson.core:jackson-annotations": {
            "locked": "2.9.5",
            "transitive": [
                "com.fasterxml.jackson.core:jackson-databind",
                "com.fasterxml.jackson.datatype:jackson-datatype-jsr310"
            ]
        },
        "com.fasterxml.jackson.core:jackson-core": {
            "locked": "2.9.5",
            "transitive": [
                "com.fasterxml.jackson.core:jackson-databind",
                "com.fasterxml.jackson.dataformat:jackson-dataformat-cbor",
                "com.fasterxml.jackson.datatype:jackson-datatype-guava",
                "com.fasterxml.jackson.datatype:jackson-datatype-jdk8",
                "com.fasterxml.jackson.datatype:jackson-datatype-jsr310",
                "com.fasterxml.jackson.module:jackson-module-afterburner"
            ]
        },
        "com.fasterxml.jackson.core:jackson-databind": {
            "locked": "2.9.5",
            "transitive": [
                "com.fasterxml.jackson.datatype:jackson-datatype-guava",
                "com.fasterxml.jackson.datatype:jackson-datatype-jdk8",
                "com.fasterxml.jackson.datatype:jackson-datatype-jsr310",
                "com.fasterxml.jackson.module:jackson-module-afterburner",
                "com.palantir.conjure.java.api:errors",
                "com.palantir.conjure.java.runtime:conjure-java-jackson-serialization"
            ]
        },
        "com.fasterxml.jackson.dataformat:jackson-dataformat-cbor": {
            "locked": "2.9.5",
            "transitive": [
                "com.palantir.conjure.java.runtime:conjure-java-jackson-serialization"
            ]
        },
        "com.fasterxml.jackson.datatype:jackson-datatype-guava": {
            "locked": "2.9.5",
            "transitive": [
                "com.palantir.conjure.java.runtime:conjure-java-jackson-serialization"
            ]
        },
        "com.fasterxml.jackson.datatype:jackson-datatype-jdk8": {
            "locked": "2.9.5",
            "transitive": [
                "com.palantir.conjure.java.runtime:conjure-java-jackson-serialization"
            ]
        },
        "com.fasterxml.jackson.datatype:jackson-datatype-jsr310": {
            "locked": "2.9.5",
            "transitive": [
                "com.palantir.conjure.java.runtime:conjure-java-jackson-serialization"
            ]
        },
        "com.fasterxml.jackson.module:jackson-module-afterburner": {
            "locked": "2.9.5",
            "transitive": [
                "com.palantir.conjure.java.runtime:conjure-java-jackson-serialization"
            ]
        },
        "com.google.code.findbugs:jsr305": {
            "locked": "3.0.0",
            "transitive": [
                "com.palantir.conjure.java.api:errors"
            ]
        },
        "com.google.guava:guava": {
            "locked": "20.0",
            "transitive": [
                "com.fasterxml.jackson.datatype:jackson-datatype-guava"
            ]
        },
        "com.palantir.conjure.java.api:errors": {
            "locked": "2.0.0-rc2"
        },
        "com.palantir.conjure.java.runtime:conjure-java-jackson-serialization": {
            "project": true
        },
        "com.palantir.safe-logging:safe-logging": {
            "locked": "1.3.0",
            "transitive": [
                "com.palantir.conjure.java.api:errors"
            ]
        },
        "javax.ws.rs:javax.ws.rs-api": {
            "locked": "2.0.1",
            "transitive": [
                "com.palantir.conjure.java.api:errors"
            ]
        },
        "org.slf4j:slf4j-api": {
            "locked": "1.7.12"
        }
    }
}