{
    "compileClasspath": {
        "com.google.code.findbugs:jsr305": {
            "locked": "3.0.0"
        },
        "com.google.guava:guava": {
            "locked": "21.0"
        }
    },
    "runtime": {
        "com.google.code.findbugs:jsr305": {
            "locked": "3.0.0"
        },
        "com.google.guava:guava": {
            "locked": "21.0"
        }
    }
}