{
    "compileClasspath": {
        "ch.qos.logback:logback-classic": {
            "locked": "1.1.2",
            "transitive": [
                "io.dropwizard:dropwizard-jackson",
                "io.dropwizard:dropwizard-logging",
                "io.dropwizard:dropwizard-servlets"
            ]
        },
        "ch.qos.logback:logback-core": {
            "locked": "1.1.2",
            "transitive": [
                "ch.qos.logback:logback-classic",
                "io.dropwizard:dropwizard-logging"
            ]
        },
        "com.fasterxml.jackson.core:jackson-annotations": {
            "locked": "2.6.1",
            "transitive": [
                "com.fasterxml.jackson.core:jackson-databind",
                "com.fasterxml.jackson.datatype:jackson-datatype-joda",
                "io.dropwizard:dropwizard-util"
            ]
        },
        "com.fasterxml.jackson.core:jackson-core": {
            "locked": "2.6.1",
            "transitive": [
                "com.fasterxml.jackson.core:jackson-databind",
                "com.fasterxml.jackson.dataformat:jackson-dataformat-yaml",
                "com.fasterxml.jackson.datatype:jackson-datatype-guava",
                "io.dropwizard:dropwizard-jackson"
            ]
        },
        "com.fasterxml.jackson.core:jackson-databind": {
            "locked": "2.6.1",
            "transitive": [
                "com.fasterxml.jackson.datatype:jackson-datatype-guava",
                "com.palantir.remoting1:error-handling",
                "io.dropwizard:dropwizard-jackson"
            ]
        },
        "com.fasterxml.jackson.dataformat:jackson-dataformat-yaml": {
            "locked": "2.6.1",
            "transitive": [
                "io.dropwizard:dropwizard-configuration"
            ]
        },
        "com.fasterxml.jackson.datatype:jackson-datatype-guava": {
            "locked": "2.6.1",
            "transitive": [
                "com.palantir.remoting1:error-handling",
                "io.dropwizard:dropwizard-jackson"
            ]
        },
        "com.fasterxml.jackson.datatype:jackson-datatype-jdk7": {
            "locked": "2.6.1",
            "transitive": [
                "io.dropwizard:dropwizard-jackson"
            ]
        },
        "com.fasterxml.jackson.datatype:jackson-datatype-joda": {
            "locked": "2.6.1",
            "transitive": [
                "io.dropwizard:dropwizard-jackson"
            ]
        },
        "com.fasterxml.jackson.jaxrs:jackson-jaxrs-base": {
            "locked": "2.6.1",
            "transitive": [
                "com.fasterxml.jackson.jaxrs:jackson-jaxrs-json-provider"
            ]
        },
        "com.fasterxml.jackson.jaxrs:jackson-jaxrs-json-provider": {
            "locked": "2.6.1",
            "transitive": [
                "io.dropwizard:dropwizard-jersey"
            ]
        },
        "com.fasterxml.jackson.module:jackson-module-afterburner": {
            "locked": "2.6.1",
            "transitive": [
                "io.dropwizard:dropwizard-jackson"
            ]
        },
        "com.fasterxml.jackson.module:jackson-module-jaxb-annotations": {
            "locked": "2.6.1",
            "transitive": [
                "com.fasterxml.jackson.jaxrs:jackson-jaxrs-json-provider"
            ]
        },
        "com.fasterxml:classmate": {
            "locked": "1.0.0",
            "transitive": [
                "org.hibernate:hibernate-validator"
            ]
        },
        "com.google.code.findbugs:jsr305": {
            "locked": "3.0.0",
            "transitive": [
                "com.palantir.remoting1:error-handling",
                "io.dropwizard:dropwizard-util"
            ]
        },
        "com.google.guava:guava": {
            "locked": "18.0",
            "transitive": [
                "com.fasterxml.jackson.datatype:jackson-datatype-guava",
                "com.palantir.remoting1:error-handling",
                "io.dropwizard:dropwizard-jackson",
                "io.dropwizard:dropwizard-lifecycle",
                "io.dropwizard:dropwizard-util"
            ]
        },
        "com.palantir.remoting1:brave-extensions": {
            "project": true
        },
        "com.palantir.remoting1:error-handling": {
            "project": true
        },
        "io.dropwizard.metrics:metrics-annotation": {
            "locked": "3.1.1",
            "transitive": [
                "io.dropwizard.metrics:metrics-jersey2",
                "io.dropwizard:dropwizard-servlets"
            ]
        },
        "io.dropwizard.metrics:metrics-core": {
            "locked": "3.1.1",
            "transitive": [
                "io.dropwizard.metrics:metrics-jersey2",
                "io.dropwizard.metrics:metrics-jetty9",
                "io.dropwizard.metrics:metrics-json",
                "io.dropwizard.metrics:metrics-jvm",
                "io.dropwizard.metrics:metrics-logback",
                "io.dropwizard.metrics:metrics-servlets",
                "io.dropwizard:dropwizard-core",
                "io.dropwizard:dropwizard-metrics",
                "io.dropwizard:dropwizard-servlets"
            ]
        },
        "io.dropwizard.metrics:metrics-healthchecks": {
            "locked": "3.1.1",
            "transitive": [
                "io.dropwizard.metrics:metrics-servlets",
                "io.dropwizard:dropwizard-core"
            ]
        },
        "io.dropwizard.metrics:metrics-jersey2": {
            "locked": "3.1.1",
            "transitive": [
                "io.dropwizard:dropwizard-jersey"
            ]
        },
        "io.dropwizard.metrics:metrics-jetty9": {
            "locked": "3.1.1",
            "transitive": [
                "io.dropwizard:dropwizard-jetty"
            ]
        },
        "io.dropwizard.metrics:metrics-json": {
            "locked": "3.1.1",
            "transitive": [
                "io.dropwizard.metrics:metrics-servlets"
            ]
        },
        "io.dropwizard.metrics:metrics-jvm": {
            "locked": "3.1.1",
            "transitive": [
                "io.dropwizard.metrics:metrics-servlets",
                "io.dropwizard:dropwizard-core"
            ]
        },
        "io.dropwizard.metrics:metrics-logback": {
            "locked": "3.1.1",
            "transitive": [
                "io.dropwizard:dropwizard-logging"
            ]
        },
        "io.dropwizard.metrics:metrics-servlets": {
            "locked": "3.1.1",
            "transitive": [
                "io.dropwizard:dropwizard-core"
            ]
        },
        "io.dropwizard:dropwizard-configuration": {
            "locked": "0.8.2",
            "transitive": [
                "io.dropwizard:dropwizard-core"
            ]
        },
        "io.dropwizard:dropwizard-core": {
            "locked": "0.8.2"
        },
        "io.dropwizard:dropwizard-jackson": {
            "locked": "0.8.2",
            "transitive": [
                "io.dropwizard:dropwizard-configuration",
                "io.dropwizard:dropwizard-core",
                "io.dropwizard:dropwizard-jersey",
                "io.dropwizard:dropwizard-logging",
                "io.dropwizard:dropwizard-metrics"
            ]
        },
        "io.dropwizard:dropwizard-jersey": {
            "locked": "0.8.2",
            "transitive": [
                "io.dropwizard:dropwizard-core"
            ]
        },
        "io.dropwizard:dropwizard-jetty": {
            "locked": "0.8.2",
            "transitive": [
                "io.dropwizard:dropwizard-core"
            ]
        },
        "io.dropwizard:dropwizard-lifecycle": {
            "locked": "0.8.2",
            "transitive": [
                "io.dropwizard:dropwizard-core",
                "io.dropwizard:dropwizard-metrics"
            ]
        },
        "io.dropwizard:dropwizard-logging": {
            "locked": "0.8.2",
            "transitive": [
                "io.dropwizard:dropwizard-core",
                "io.dropwizard:dropwizard-jersey",
                "io.dropwizard:dropwizard-jetty"
            ]
        },
        "io.dropwizard:dropwizard-metrics": {
            "locked": "0.8.2",
            "transitive": [
                "io.dropwizard:dropwizard-core"
            ]
        },
        "io.dropwizard:dropwizard-servlets": {
            "locked": "0.8.2",
            "transitive": [
                "io.dropwizard:dropwizard-core"
            ]
        },
        "io.dropwizard:dropwizard-util": {
            "locked": "0.8.2",
            "transitive": [
                "io.dropwizard:dropwizard-core",
                "io.dropwizard:dropwizard-jackson",
                "io.dropwizard:dropwizard-lifecycle",
                "io.dropwizard:dropwizard-servlets",
                "io.dropwizard:dropwizard-validation"
            ]
        },
        "io.dropwizard:dropwizard-validation": {
            "locked": "0.8.2",
            "transitive": [
                "io.dropwizard:dropwizard-configuration",
                "io.dropwizard:dropwizard-core",
                "io.dropwizard:dropwizard-jersey",
                "io.dropwizard:dropwizard-logging",
                "io.dropwizard:dropwizard-metrics"
            ]
        },
        "io.zipkin.brave:brave-core": {
            "locked": "3.11.0",
            "transitive": [
                "com.palantir.remoting1:brave-extensions",
                "io.zipkin.brave:brave-http"
            ]
        },
        "io.zipkin.brave:brave-http": {
            "locked": "3.11.0",
            "transitive": [
                "io.zipkin.brave:brave-jaxrs2"
            ]
        },
        "io.zipkin.brave:brave-jaxrs2": {
            "locked": "3.11.0"
        },
        "io.zipkin.java:zipkin": {
            "locked": "1.8.4",
            "transitive": [
                "io.zipkin.brave:brave-core"
            ]
        },
        "javax.annotation:javax.annotation-api": {
            "locked": "1.2",
            "transitive": [
                "io.zipkin.brave:brave-jaxrs2",
                "org.glassfish.jersey.core:jersey-common",
                "org.glassfish.jersey.core:jersey-server"
            ]
        },
        "javax.inject:javax.inject": {
            "locked": "1",
            "transitive": [
                "io.zipkin.brave:brave-jaxrs2",
                "org.glassfish.hk2:hk2-api",
                "org.glassfish.hk2:hk2-utils"
            ]
        },
        "javax.servlet:javax.servlet-api": {
            "locked": "3.1.0",
            "transitive": [
                "org.eclipse.jetty:jetty-server"
            ]
        },
        "javax.validation:validation-api": {
            "locked": "1.1.0.Final",
            "transitive": [
                "org.glassfish.jersey.core:jersey-server",
                "org.hibernate:hibernate-validator"
            ]
        },
        "javax.ws.rs:javax.ws.rs-api": {
            "locked": "2.0.1",
            "transitive": [
                "com.palantir.remoting1:error-handling",
                "org.glassfish.jersey.containers:jersey-container-servlet",
                "org.glassfish.jersey.containers:jersey-container-servlet-core",
                "org.glassfish.jersey.core:jersey-client",
                "org.glassfish.jersey.core:jersey-common",
                "org.glassfish.jersey.core:jersey-server",
                "org.glassfish.jersey.ext:jersey-metainf-services"
            ]
        },
        "joda-time:joda-time": {
            "locked": "2.7",
            "transitive": [
                "io.dropwizard:dropwizard-util"
            ]
        },
        "net.sourceforge.argparse4j:argparse4j": {
            "locked": "0.4.4",
            "transitive": [
                "io.dropwizard:dropwizard-core"
            ]
        },
        "org.apache.commons:commons-lang3": {
            "locked": "3.3.2",
            "transitive": [
                "io.dropwizard:dropwizard-configuration"
            ]
        },
        "org.eclipse.jetty.toolchain.setuid:jetty-setuid-java": {
            "locked": "1.0.2",
            "transitive": [
                "io.dropwizard:dropwizard-core"
            ]
        },
        "org.eclipse.jetty:jetty-continuation": {
            "locked": "9.2.9.v20150224",
            "transitive": [
                "io.dropwizard:dropwizard-jersey",
                "org.eclipse.jetty:jetty-servlets"
            ]
        },
        "org.eclipse.jetty:jetty-http": {
            "locked": "9.2.9.v20150224",
            "transitive": [
                "io.dropwizard:dropwizard-jetty",
                "org.eclipse.jetty:jetty-server",
                "org.eclipse.jetty:jetty-servlets"
            ]
        },
        "org.eclipse.jetty:jetty-io": {
            "locked": "9.2.9.v20150224",
            "transitive": [
                "org.eclipse.jetty:jetty-server",
                "org.eclipse.jetty:jetty-servlets"
            ]
        },
        "org.eclipse.jetty:jetty-security": {
            "locked": "9.2.9.v20150224",
            "transitive": [
                "org.eclipse.jetty:jetty-servlet"
            ]
        },
        "org.eclipse.jetty:jetty-server": {
            "locked": "9.2.9.v20150224",
            "transitive": [
                "io.dropwizard:dropwizard-jersey",
                "io.dropwizard:dropwizard-jetty",
                "io.dropwizard:dropwizard-lifecycle",
                "org.eclipse.jetty:jetty-security"
            ]
        },
        "org.eclipse.jetty:jetty-servlet": {
            "locked": "9.2.9.v20150224",
            "transitive": [
                "io.dropwizard:dropwizard-jetty",
                "org.eclipse.jetty:jetty-webapp"
            ]
        },
        "org.eclipse.jetty:jetty-servlets": {
            "locked": "9.2.9.v20150224",
            "transitive": [
                "io.dropwizard:dropwizard-jetty"
            ]
        },
        "org.eclipse.jetty:jetty-util": {
            "locked": "9.2.9.v20150224",
            "transitive": [
                "io.dropwizard:dropwizard-logging",
                "org.eclipse.jetty:jetty-http",
                "org.eclipse.jetty:jetty-io",
                "org.eclipse.jetty:jetty-servlets",
                "org.eclipse.jetty:jetty-xml"
            ]
        },
        "org.eclipse.jetty:jetty-webapp": {
            "locked": "9.2.9.v20150224",
            "transitive": [
                "io.dropwizard:dropwizard-jersey"
            ]
        },
        "org.eclipse.jetty:jetty-xml": {
            "locked": "9.2.9.v20150224",
            "transitive": [
                "org.eclipse.jetty:jetty-webapp"
            ]
        },
        "org.glassfish.hk2.external:aopalliance-repackaged": {
            "locked": "2.4.0-b25",
            "transitive": [
                "org.glassfish.hk2:hk2-api",
                "org.glassfish.hk2:hk2-locator"
            ]
        },
        "org.glassfish.hk2.external:javax.inject": {
            "locked": "2.4.0-b25",
            "transitive": [
                "org.glassfish.hk2:hk2-locator",
                "org.glassfish.jersey.containers:jersey-container-servlet-core",
                "org.glassfish.jersey.core:jersey-client",
                "org.glassfish.jersey.core:jersey-common",
                "org.glassfish.jersey.core:jersey-server",
                "org.glassfish.jersey.media:jersey-media-jaxb"
            ]
        },
        "org.glassfish.hk2:hk2-api": {
            "locked": "2.4.0-b25",
            "transitive": [
                "org.glassfish.hk2:hk2-locator",
                "org.glassfish.jersey.core:jersey-client",
                "org.glassfish.jersey.core:jersey-common",
                "org.glassfish.jersey.core:jersey-server",
                "org.glassfish.jersey.media:jersey-media-jaxb"
            ]
        },
        "org.glassfish.hk2:hk2-locator": {
            "locked": "2.4.0-b25",
            "transitive": [
                "org.glassfish.jersey.core:jersey-client",
                "org.glassfish.jersey.core:jersey-common",
                "org.glassfish.jersey.core:jersey-server",
                "org.glassfish.jersey.media:jersey-media-jaxb"
            ]
        },
        "org.glassfish.hk2:hk2-utils": {
            "locked": "2.4.0-b25",
            "transitive": [
                "org.glassfish.hk2:hk2-api",
                "org.glassfish.hk2:hk2-locator"
            ]
        },
        "org.glassfish.hk2:osgi-resource-locator": {
            "locked": "1.0.1",
            "transitive": [
                "org.glassfish.jersey.core:jersey-common",
                "org.glassfish.jersey.media:jersey-media-jaxb"
            ]
        },
        "org.glassfish.jersey.bundles.repackaged:jersey-guava": {
            "locked": "2.19",
            "transitive": [
                "org.glassfish.jersey.core:jersey-common"
            ]
        },
        "org.glassfish.jersey.containers:jersey-container-servlet": {
            "locked": "2.19",
            "transitive": [
                "io.dropwizard:dropwizard-jersey"
            ]
        },
        "org.glassfish.jersey.containers:jersey-container-servlet-core": {
            "locked": "2.19",
            "transitive": [
                "org.glassfish.jersey.containers:jersey-container-servlet"
            ]
        },
        "org.glassfish.jersey.core:jersey-client": {
            "locked": "2.19",
            "transitive": [
                "org.glassfish.jersey.core:jersey-server"
            ]
        },
        "org.glassfish.jersey.core:jersey-common": {
            "locked": "2.19",
            "transitive": [
                "org.glassfish.jersey.containers:jersey-container-servlet",
                "org.glassfish.jersey.containers:jersey-container-servlet-core",
                "org.glassfish.jersey.core:jersey-client",
                "org.glassfish.jersey.core:jersey-server",
                "org.glassfish.jersey.ext:jersey-metainf-services",
                "org.glassfish.jersey.media:jersey-media-jaxb"
            ]
        },
        "org.glassfish.jersey.core:jersey-server": {
            "locked": "2.19",
            "transitive": [
                "io.dropwizard:dropwizard-jersey",
                "org.glassfish.jersey.containers:jersey-container-servlet",
                "org.glassfish.jersey.containers:jersey-container-servlet-core"
            ]
        },
        "org.glassfish.jersey.ext:jersey-metainf-services": {
            "locked": "2.19",
            "transitive": [
                "io.dropwizard:dropwizard-jersey"
            ]
        },
        "org.glassfish.jersey.media:jersey-media-jaxb": {
            "locked": "2.19",
            "transitive": [
                "org.glassfish.jersey.core:jersey-server"
            ]
        },
        "org.glassfish:javax.el": {
            "locked": "3.0.0",
            "transitive": [
                "io.dropwizard:dropwizard-validation"
            ]
        },
        "org.hibernate:hibernate-validator": {
            "locked": "5.1.3.Final",
            "transitive": [
                "io.dropwizard:dropwizard-validation"
            ]
        },
        "org.javassist:javassist": {
            "locked": "3.18.1-GA",
            "transitive": [
                "org.glassfish.hk2:hk2-locator"
            ]
        },
        "org.jboss.logging:jboss-logging": {
            "locked": "3.1.3.GA",
            "transitive": [
                "org.hibernate:hibernate-validator"
            ]
        },
        "org.slf4j:jcl-over-slf4j": {
            "locked": "1.7.10",
            "transitive": [
                "io.dropwizard:dropwizard-logging"
            ]
        },
        "org.slf4j:jul-to-slf4j": {
            "locked": "1.7.10",
            "transitive": [
                "io.dropwizard:dropwizard-logging"
            ]
        },
        "org.slf4j:log4j-over-slf4j": {
            "locked": "1.7.10",
            "transitive": [
                "io.dropwizard:dropwizard-logging"
            ]
        },
        "org.slf4j:slf4j-api": {
            "locked": "1.7.12",
            "transitive": [
                "ch.qos.logback:logback-classic",
                "com.palantir.remoting1:brave-extensions",
                "com.palantir.remoting1:error-handling",
                "io.dropwizard:dropwizard-jackson",
                "io.dropwizard:dropwizard-lifecycle",
                "io.dropwizard:dropwizard-logging",
                "io.dropwizard:dropwizard-metrics",
                "io.dropwizard:dropwizard-servlets",
                "org.slf4j:jcl-over-slf4j",
                "org.slf4j:jul-to-slf4j",
                "org.slf4j:log4j-over-slf4j"
            ]
        },
        "org.yaml:snakeyaml": {
            "locked": "1.15",
            "transitive": [
                "com.fasterxml.jackson.dataformat:jackson-dataformat-yaml"
            ]
        }
    },
    "runtime": {
        "ch.qos.logback:logback-classic": {
            "locked": "1.1.2",
            "transitive": [
                "io.dropwizard:dropwizard-jackson",
                "io.dropwizard:dropwizard-logging",
                "io.dropwizard:dropwizard-servlets"
            ]
        },
        "ch.qos.logback:logback-core": {
            "locked": "1.1.2",
            "transitive": [
                "ch.qos.logback:logback-classic",
                "io.dropwizard:dropwizard-logging"
            ]
        },
        "com.fasterxml.jackson.core:jackson-annotations": {
            "locked": "2.6.1",
            "transitive": [
                "com.fasterxml.jackson.core:jackson-databind",
                "com.fasterxml.jackson.datatype:jackson-datatype-joda",
                "io.dropwizard:dropwizard-util"
            ]
        },
        "com.fasterxml.jackson.core:jackson-core": {
            "locked": "2.6.1",
            "transitive": [
                "com.fasterxml.jackson.core:jackson-databind",
                "com.fasterxml.jackson.dataformat:jackson-dataformat-yaml",
                "com.fasterxml.jackson.datatype:jackson-datatype-guava",
                "io.dropwizard:dropwizard-jackson"
            ]
        },
        "com.fasterxml.jackson.core:jackson-databind": {
            "locked": "2.6.1",
            "transitive": [
                "com.fasterxml.jackson.datatype:jackson-datatype-guava",
                "com.palantir.remoting1:error-handling",
                "io.dropwizard:dropwizard-jackson"
            ]
        },
        "com.fasterxml.jackson.dataformat:jackson-dataformat-yaml": {
            "locked": "2.6.1",
            "transitive": [
                "io.dropwizard:dropwizard-configuration"
            ]
        },
        "com.fasterxml.jackson.datatype:jackson-datatype-guava": {
            "locked": "2.6.1",
            "transitive": [
                "com.palantir.remoting1:error-handling",
                "io.dropwizard:dropwizard-jackson"
            ]
        },
        "com.fasterxml.jackson.datatype:jackson-datatype-jdk7": {
            "locked": "2.6.1",
            "transitive": [
                "io.dropwizard:dropwizard-jackson"
            ]
        },
        "com.fasterxml.jackson.datatype:jackson-datatype-joda": {
            "locked": "2.6.1",
            "transitive": [
                "io.dropwizard:dropwizard-jackson"
            ]
        },
        "com.fasterxml.jackson.jaxrs:jackson-jaxrs-base": {
            "locked": "2.6.1",
            "transitive": [
                "com.fasterxml.jackson.jaxrs:jackson-jaxrs-json-provider"
            ]
        },
        "com.fasterxml.jackson.jaxrs:jackson-jaxrs-json-provider": {
            "locked": "2.6.1",
            "transitive": [
                "io.dropwizard:dropwizard-jersey"
            ]
        },
        "com.fasterxml.jackson.module:jackson-module-afterburner": {
            "locked": "2.6.1",
            "transitive": [
                "io.dropwizard:dropwizard-jackson"
            ]
        },
        "com.fasterxml.jackson.module:jackson-module-jaxb-annotations": {
            "locked": "2.6.1",
            "transitive": [
                "com.fasterxml.jackson.jaxrs:jackson-jaxrs-json-provider"
            ]
        },
        "com.fasterxml:classmate": {
            "locked": "1.0.0",
            "transitive": [
                "org.hibernate:hibernate-validator"
            ]
        },
        "com.google.code.findbugs:jsr305": {
            "locked": "3.0.0",
            "transitive": [
                "com.palantir.remoting1:error-handling",
                "io.dropwizard:dropwizard-util"
            ]
        },
        "com.google.guava:guava": {
            "locked": "18.0",
            "transitive": [
                "com.fasterxml.jackson.datatype:jackson-datatype-guava",
                "com.palantir.remoting1:error-handling",
                "io.dropwizard:dropwizard-jackson",
                "io.dropwizard:dropwizard-lifecycle",
                "io.dropwizard:dropwizard-util"
            ]
        },
        "com.palantir.remoting1:brave-extensions": {
            "project": true
        },
        "com.palantir.remoting1:error-handling": {
            "project": true
        },
        "io.dropwizard.metrics:metrics-annotation": {
            "locked": "3.1.1",
            "transitive": [
                "io.dropwizard.metrics:metrics-jersey2",
                "io.dropwizard:dropwizard-servlets"
            ]
        },
        "io.dropwizard.metrics:metrics-core": {
            "locked": "3.1.1",
            "transitive": [
                "io.dropwizard.metrics:metrics-jersey2",
                "io.dropwizard.metrics:metrics-jetty9",
                "io.dropwizard.metrics:metrics-json",
                "io.dropwizard.metrics:metrics-jvm",
                "io.dropwizard.metrics:metrics-logback",
                "io.dropwizard.metrics:metrics-servlets",
                "io.dropwizard:dropwizard-core",
                "io.dropwizard:dropwizard-metrics",
                "io.dropwizard:dropwizard-servlets"
            ]
        },
        "io.dropwizard.metrics:metrics-healthchecks": {
            "locked": "3.1.1",
            "transitive": [
                "io.dropwizard.metrics:metrics-servlets",
                "io.dropwizard:dropwizard-core"
            ]
        },
        "io.dropwizard.metrics:metrics-jersey2": {
            "locked": "3.1.1",
            "transitive": [
                "io.dropwizard:dropwizard-jersey"
            ]
        },
        "io.dropwizard.metrics:metrics-jetty9": {
            "locked": "3.1.1",
            "transitive": [
                "io.dropwizard:dropwizard-jetty"
            ]
        },
        "io.dropwizard.metrics:metrics-json": {
            "locked": "3.1.1",
            "transitive": [
                "io.dropwizard.metrics:metrics-servlets"
            ]
        },
        "io.dropwizard.metrics:metrics-jvm": {
            "locked": "3.1.1",
            "transitive": [
                "io.dropwizard.metrics:metrics-servlets",
                "io.dropwizard:dropwizard-core"
            ]
        },
        "io.dropwizard.metrics:metrics-logback": {
            "locked": "3.1.1",
            "transitive": [
                "io.dropwizard:dropwizard-logging"
            ]
        },
        "io.dropwizard.metrics:metrics-servlets": {
            "locked": "3.1.1",
            "transitive": [
                "io.dropwizard:dropwizard-core"
            ]
        },
        "io.dropwizard:dropwizard-configuration": {
            "locked": "0.8.2",
            "transitive": [
                "io.dropwizard:dropwizard-core"
            ]
        },
        "io.dropwizard:dropwizard-core": {
            "locked": "0.8.2"
        },
        "io.dropwizard:dropwizard-jackson": {
            "locked": "0.8.2",
            "transitive": [
                "io.dropwizard:dropwizard-configuration",
                "io.dropwizard:dropwizard-core",
                "io.dropwizard:dropwizard-jersey",
                "io.dropwizard:dropwizard-logging",
                "io.dropwizard:dropwizard-metrics"
            ]
        },
        "io.dropwizard:dropwizard-jersey": {
            "locked": "0.8.2",
            "transitive": [
                "io.dropwizard:dropwizard-core"
            ]
        },
        "io.dropwizard:dropwizard-jetty": {
            "locked": "0.8.2",
            "transitive": [
                "io.dropwizard:dropwizard-core"
            ]
        },
        "io.dropwizard:dropwizard-lifecycle": {
            "locked": "0.8.2",
            "transitive": [
                "io.dropwizard:dropwizard-core",
                "io.dropwizard:dropwizard-metrics"
            ]
        },
        "io.dropwizard:dropwizard-logging": {
            "locked": "0.8.2",
            "transitive": [
                "io.dropwizard:dropwizard-core",
                "io.dropwizard:dropwizard-jersey",
                "io.dropwizard:dropwizard-jetty"
            ]
        },
        "io.dropwizard:dropwizard-metrics": {
            "locked": "0.8.2",
            "transitive": [
                "io.dropwizard:dropwizard-core"
            ]
        },
        "io.dropwizard:dropwizard-servlets": {
            "locked": "0.8.2",
            "transitive": [
                "io.dropwizard:dropwizard-core"
            ]
        },
        "io.dropwizard:dropwizard-util": {
            "locked": "0.8.2",
            "transitive": [
                "io.dropwizard:dropwizard-core",
                "io.dropwizard:dropwizard-jackson",
                "io.dropwizard:dropwizard-lifecycle",
                "io.dropwizard:dropwizard-servlets",
                "io.dropwizard:dropwizard-validation"
            ]
        },
        "io.dropwizard:dropwizard-validation": {
            "locked": "0.8.2",
            "transitive": [
                "io.dropwizard:dropwizard-configuration",
                "io.dropwizard:dropwizard-core",
                "io.dropwizard:dropwizard-jersey",
                "io.dropwizard:dropwizard-logging",
                "io.dropwizard:dropwizard-metrics"
            ]
        },
        "io.zipkin.brave:brave-core": {
            "locked": "3.11.0",
            "transitive": [
                "com.palantir.remoting1:brave-extensions",
                "io.zipkin.brave:brave-http"
            ]
        },
        "io.zipkin.brave:brave-http": {
            "locked": "3.11.0",
            "transitive": [
                "io.zipkin.brave:brave-jaxrs2"
            ]
        },
        "io.zipkin.brave:brave-jaxrs2": {
            "locked": "3.11.0"
        },
        "io.zipkin.java:zipkin": {
            "locked": "1.8.4",
            "transitive": [
                "io.zipkin.brave:brave-core"
            ]
        },
        "javax.annotation:javax.annotation-api": {
            "locked": "1.2",
            "transitive": [
                "io.zipkin.brave:brave-jaxrs2",
                "org.glassfish.jersey.core:jersey-common",
                "org.glassfish.jersey.core:jersey-server"
            ]
        },
        "javax.inject:javax.inject": {
            "locked": "1",
            "transitive": [
                "io.zipkin.brave:brave-jaxrs2",
                "org.glassfish.hk2:hk2-api",
                "org.glassfish.hk2:hk2-utils"
            ]
        },
        "javax.servlet:javax.servlet-api": {
            "locked": "3.1.0",
            "transitive": [
                "org.eclipse.jetty:jetty-server"
            ]
        },
        "javax.validation:validation-api": {
            "locked": "1.1.0.Final",
            "transitive": [
                "org.glassfish.jersey.core:jersey-server",
                "org.hibernate:hibernate-validator"
            ]
        },
        "javax.ws.rs:javax.ws.rs-api": {
            "locked": "2.0.1",
            "transitive": [
                "com.palantir.remoting1:error-handling",
                "org.glassfish.jersey.containers:jersey-container-servlet",
                "org.glassfish.jersey.containers:jersey-container-servlet-core",
                "org.glassfish.jersey.core:jersey-client",
                "org.glassfish.jersey.core:jersey-common",
                "org.glassfish.jersey.core:jersey-server",
                "org.glassfish.jersey.ext:jersey-metainf-services"
            ]
        },
        "joda-time:joda-time": {
            "locked": "2.7",
            "transitive": [
                "io.dropwizard:dropwizard-util"
            ]
        },
        "net.sourceforge.argparse4j:argparse4j": {
            "locked": "0.4.4",
            "transitive": [
                "io.dropwizard:dropwizard-core"
            ]
        },
        "org.apache.commons:commons-lang3": {
            "locked": "3.3.2",
            "transitive": [
                "io.dropwizard:dropwizard-configuration"
            ]
        },
        "org.eclipse.jetty.toolchain.setuid:jetty-setuid-java": {
            "locked": "1.0.2",
            "transitive": [
                "io.dropwizard:dropwizard-core"
            ]
        },
        "org.eclipse.jetty:jetty-continuation": {
            "locked": "9.2.9.v20150224",
            "transitive": [
                "io.dropwizard:dropwizard-jersey",
                "org.eclipse.jetty:jetty-servlets"
            ]
        },
        "org.eclipse.jetty:jetty-http": {
            "locked": "9.2.9.v20150224",
            "transitive": [
                "io.dropwizard:dropwizard-jetty",
                "org.eclipse.jetty:jetty-server",
                "org.eclipse.jetty:jetty-servlets"
            ]
        },
        "org.eclipse.jetty:jetty-io": {
            "locked": "9.2.9.v20150224",
            "transitive": [
                "org.eclipse.jetty:jetty-server",
                "org.eclipse.jetty:jetty-servlets"
            ]
        },
        "org.eclipse.jetty:jetty-security": {
            "locked": "9.2.9.v20150224",
            "transitive": [
                "org.eclipse.jetty:jetty-servlet"
            ]
        },
        "org.eclipse.jetty:jetty-server": {
            "locked": "9.2.9.v20150224",
            "transitive": [
                "io.dropwizard:dropwizard-jersey",
                "io.dropwizard:dropwizard-jetty",
                "io.dropwizard:dropwizard-lifecycle",
                "org.eclipse.jetty:jetty-security"
            ]
        },
        "org.eclipse.jetty:jetty-servlet": {
            "locked": "9.2.9.v20150224",
            "transitive": [
                "io.dropwizard:dropwizard-jetty",
                "org.eclipse.jetty:jetty-webapp"
            ]
        },
        "org.eclipse.jetty:jetty-servlets": {
            "locked": "9.2.9.v20150224",
            "transitive": [
                "io.dropwizard:dropwizard-jetty"
            ]
        },
        "org.eclipse.jetty:jetty-util": {
            "locked": "9.2.9.v20150224",
            "transitive": [
                "io.dropwizard:dropwizard-logging",
                "org.eclipse.jetty:jetty-http",
                "org.eclipse.jetty:jetty-io",
                "org.eclipse.jetty:jetty-servlets",
                "org.eclipse.jetty:jetty-xml"
            ]
        },
        "org.eclipse.jetty:jetty-webapp": {
            "locked": "9.2.9.v20150224",
            "transitive": [
                "io.dropwizard:dropwizard-jersey"
            ]
        },
        "org.eclipse.jetty:jetty-xml": {
            "locked": "9.2.9.v20150224",
            "transitive": [
                "org.eclipse.jetty:jetty-webapp"
            ]
        },
        "org.glassfish.hk2.external:aopalliance-repackaged": {
            "locked": "2.4.0-b25",
            "transitive": [
                "org.glassfish.hk2:hk2-api",
                "org.glassfish.hk2:hk2-locator"
            ]
        },
        "org.glassfish.hk2.external:javax.inject": {
            "locked": "2.4.0-b25",
            "transitive": [
                "org.glassfish.hk2:hk2-locator",
                "org.glassfish.jersey.containers:jersey-container-servlet-core",
                "org.glassfish.jersey.core:jersey-client",
                "org.glassfish.jersey.core:jersey-common",
                "org.glassfish.jersey.core:jersey-server",
                "org.glassfish.jersey.media:jersey-media-jaxb"
            ]
        },
        "org.glassfish.hk2:hk2-api": {
            "locked": "2.4.0-b25",
            "transitive": [
                "org.glassfish.hk2:hk2-locator",
                "org.glassfish.jersey.core:jersey-client",
                "org.glassfish.jersey.core:jersey-common",
                "org.glassfish.jersey.core:jersey-server",
                "org.glassfish.jersey.media:jersey-media-jaxb"
            ]
        },
        "org.glassfish.hk2:hk2-locator": {
            "locked": "2.4.0-b25",
            "transitive": [
                "org.glassfish.jersey.core:jersey-client",
                "org.glassfish.jersey.core:jersey-common",
                "org.glassfish.jersey.core:jersey-server",
                "org.glassfish.jersey.media:jersey-media-jaxb"
            ]
        },
        "org.glassfish.hk2:hk2-utils": {
            "locked": "2.4.0-b25",
            "transitive": [
                "org.glassfish.hk2:hk2-api",
                "org.glassfish.hk2:hk2-locator"
            ]
        },
        "org.glassfish.hk2:osgi-resource-locator": {
            "locked": "1.0.1",
            "transitive": [
                "org.glassfish.jersey.core:jersey-common",
                "org.glassfish.jersey.media:jersey-media-jaxb"
            ]
        },
        "org.glassfish.jersey.bundles.repackaged:jersey-guava": {
            "locked": "2.19",
            "transitive": [
                "org.glassfish.jersey.core:jersey-common"
            ]
        },
        "org.glassfish.jersey.containers:jersey-container-servlet": {
            "locked": "2.19",
            "transitive": [
                "io.dropwizard:dropwizard-jersey"
            ]
        },
        "org.glassfish.jersey.containers:jersey-container-servlet-core": {
            "locked": "2.19",
            "transitive": [
                "org.glassfish.jersey.containers:jersey-container-servlet"
            ]
        },
        "org.glassfish.jersey.core:jersey-client": {
            "locked": "2.19",
            "transitive": [
                "org.glassfish.jersey.core:jersey-server"
            ]
        },
        "org.glassfish.jersey.core:jersey-common": {
            "locked": "2.19",
            "transitive": [
                "org.glassfish.jersey.containers:jersey-container-servlet",
                "org.glassfish.jersey.containers:jersey-container-servlet-core",
                "org.glassfish.jersey.core:jersey-client",
                "org.glassfish.jersey.core:jersey-server",
                "org.glassfish.jersey.ext:jersey-metainf-services",
                "org.glassfish.jersey.media:jersey-media-jaxb"
            ]
        },
        "org.glassfish.jersey.core:jersey-server": {
            "locked": "2.19",
            "transitive": [
                "io.dropwizard:dropwizard-jersey",
                "org.glassfish.jersey.containers:jersey-container-servlet",
                "org.glassfish.jersey.containers:jersey-container-servlet-core"
            ]
        },
        "org.glassfish.jersey.ext:jersey-metainf-services": {
            "locked": "2.19",
            "transitive": [
                "io.dropwizard:dropwizard-jersey"
            ]
        },
        "org.glassfish.jersey.media:jersey-media-jaxb": {
            "locked": "2.19",
            "transitive": [
                "org.glassfish.jersey.core:jersey-server"
            ]
        },
        "org.glassfish:javax.el": {
            "locked": "3.0.0",
            "transitive": [
                "io.dropwizard:dropwizard-validation"
            ]
        },
        "org.hibernate:hibernate-validator": {
            "locked": "5.1.3.Final",
            "transitive": [
                "io.dropwizard:dropwizard-validation"
            ]
        },
        "org.javassist:javassist": {
            "locked": "3.18.1-GA",
            "transitive": [
                "org.glassfish.hk2:hk2-locator"
            ]
        },
        "org.jboss.logging:jboss-logging": {
            "locked": "3.1.3.GA",
            "transitive": [
                "org.hibernate:hibernate-validator"
            ]
        },
        "org.slf4j:jcl-over-slf4j": {
            "locked": "1.7.10",
            "transitive": [
                "io.dropwizard:dropwizard-logging"
            ]
        },
        "org.slf4j:jul-to-slf4j": {
            "locked": "1.7.10",
            "transitive": [
                "io.dropwizard:dropwizard-logging"
            ]
        },
        "org.slf4j:log4j-over-slf4j": {
            "locked": "1.7.10",
            "transitive": [
                "io.dropwizard:dropwizard-logging"
            ]
        },
        "org.slf4j:slf4j-api": {
            "locked": "1.7.12",
            "transitive": [
                "ch.qos.logback:logback-classic",
                "com.palantir.remoting1:brave-extensions",
                "com.palantir.remoting1:error-handling",
                "io.dropwizard:dropwizard-jackson",
                "io.dropwizard:dropwizard-lifecycle",
                "io.dropwizard:dropwizard-logging",
                "io.dropwizard:dropwizard-metrics",
                "io.dropwizard:dropwizard-servlets",
                "org.slf4j:jcl-over-slf4j",
                "org.slf4j:jul-to-slf4j",
                "org.slf4j:log4j-over-slf4j"
            ]
        },
        "org.yaml:snakeyaml": {
            "locked": "1.15",
            "transitive": [
                "com.fasterxml.jackson.dataformat:jackson-dataformat-yaml"
            ]
        }
    }
}