{
    "compileClasspath": {
        "com.fasterxml.jackson.core:jackson-annotations": {
            "locked": "2.9.5",
            "transitive": [
                "com.fasterxml.jackson.core:jackson-databind"
            ]
        },
        "com.fasterxml.jackson.core:jackson-core": {
            "locked": "2.9.5",
            "transitive": [
                "com.fasterxml.jackson.core:jackson-databind",
                "com.fasterxml.jackson.datatype:jackson-datatype-guava",
                "com.fasterxml.jackson.datatype:jackson-datatype-jdk8",
                "com.fasterxml.jackson.module:jackson-module-afterburner"
            ]
        },
        "com.fasterxml.jackson.core:jackson-databind": {
            "locked": "2.9.5",
            "transitive": [
                "com.fasterxml.jackson.datatype:jackson-datatype-guava",
                "com.fasterxml.jackson.datatype:jackson-datatype-jdk8",
                "com.fasterxml.jackson.module:jackson-module-afterburner",
                "com.palantir.conjure.java.api:tracing"
            ]
        },
        "com.fasterxml.jackson.datatype:jackson-datatype-guava": {
            "locked": "2.9.5"
        },
        "com.fasterxml.jackson.datatype:jackson-datatype-jdk8": {
            "locked": "2.9.5"
        },
        "com.fasterxml.jackson.module:jackson-module-afterburner": {
            "locked": "2.9.5"
        },
        "com.google.guava:guava": {
            "locked": "20.0",
            "transitive": [
                "com.fasterxml.jackson.datatype:jackson-datatype-guava"
            ]
        },
        "com.palantir.conjure.java.api:tracing": {
            "locked": "2.0.0-rc3"
        },
        "com.palantir.safe-logging:safe-logging": {
            "locked": "1.3.0"
        },
        "org.slf4j:slf4j-api": {
            "locked": "1.7.12"
        }
    },
    "runtime": {
        "com.fasterxml.jackson.core:jackson-annotations": {
            "locked": "2.9.5",
            "transitive": [
                "com.fasterxml.jackson.core:jackson-databind"
            ]
        },
        "com.fasterxml.jackson.core:jackson-core": {
            "locked": "2.9.5",
            "transitive": [
                "com.fasterxml.jackson.core:jackson-databind",
                "com.fasterxml.jackson.datatype:jackson-datatype-guava",
                "com.fasterxml.jackson.datatype:jackson-datatype-jdk8",
                "com.fasterxml.jackson.module:jackson-module-afterburner"
            ]
        },
        "com.fasterxml.jackson.core:jackson-databind": {
            "locked": "2.9.5",
            "transitive": [
                "com.fasterxml.jackson.datatype:jackson-datatype-guava",
                "com.fasterxml.jackson.datatype:jackson-datatype-jdk8",
                "com.fasterxml.jackson.module:jackson-module-afterburner",
                "com.palantir.conjure.java.api:tracing"
            ]
        },
        "com.fasterxml.jackson.datatype:jackson-datatype-guava": {
            "locked": "2.9.5"
        },
        "com.fasterxml.jackson.datatype:jackson-datatype-jdk8": {
            "locked": "2.9.5"
        },
        "com.fasterxml.jackson.module:jackson-module-afterburner": {
            "locked": "2.9.5"
        },
        "com.google.guava:guava": {
            "locked": "20.0",
            "transitive": [
                "com.fasterxml.jackson.datatype:jackson-datatype-guava"
            ]
        },
        "com.palantir.conjure.java.api:tracing": {
            "locked": "2.0.0-rc3"
        },
        "com.palantir.safe-logging:safe-logging": {
            "locked": "1.3.0"
        },
        "org.slf4j:slf4j-api": {
            "locked": "1.7.12"
        }
    }
}