{
    "compileClasspath": {
        "com.fasterxml.jackson.core:jackson-annotations": {
            "locked": "2.6.5",
            "transitive": [
                "com.fasterxml.jackson.core:jackson-databind"
            ]
        },
        "com.fasterxml.jackson.core:jackson-core": {
            "locked": "2.6.5",
            "transitive": [
                "com.fasterxml.jackson.core:jackson-databind",
                "com.fasterxml.jackson.datatype:jackson-datatype-guava",
                "com.fasterxml.jackson.module:jackson-module-afterburner"
            ]
        },
        "com.fasterxml.jackson.core:jackson-databind": {
            "locked": "2.6.5",
            "transitive": [
                "com.fasterxml.jackson.datatype:jackson-datatype-guava",
                "com.fasterxml.jackson.module:jackson-module-afterburner"
            ]
        },
        "com.fasterxml.jackson.datatype:jackson-datatype-guava": {
            "locked": "2.6.5"
        },
        "com.fasterxml.jackson.module:jackson-module-afterburner": {
            "locked": "2.6.5"
        },
        "com.google.guava:guava": {
            "locked": "18.0",
            "transitive": [
                "com.fasterxml.jackson.datatype:jackson-datatype-guava"
            ]
        },
        "org.slf4j:slf4j-api": {
            "locked": "1.7.12"
        }
    },
    "runtime": {
        "com.fasterxml.jackson.core:jackson-annotations": {
            "locked": "2.6.5",
            "transitive": [
                "com.fasterxml.jackson.core:jackson-databind"
            ]
        },
        "com.fasterxml.jackson.core:jackson-core": {
            "locked": "2.6.5",
            "transitive": [
                "com.fasterxml.jackson.core:jackson-databind",
                "com.fasterxml.jackson.datatype:jackson-datatype-guava",
                "com.fasterxml.jackson.module:jackson-module-afterburner"
            ]
        },
        "com.fasterxml.jackson.core:jackson-databind": {
            "locked": "2.6.5",
            "transitive": [
                "com.fasterxml.jackson.datatype:jackson-datatype-guava",
                "com.fasterxml.jackson.module:jackson-module-afterburner"
            ]
        },
        "com.fasterxml.jackson.datatype:jackson-datatype-guava": {
            "locked": "2.6.5"
        },
        "com.fasterxml.jackson.module:jackson-module-afterburner": {
            "locked": "2.6.5"
        },
        "com.google.guava:guava": {
            "locked": "18.0",
            "transitive": [
                "com.fasterxml.jackson.datatype:jackson-datatype-guava"
            ]
        },
        "org.slf4j:slf4j-api": {
            "locked": "1.7.12"
        }
    }
}