{
    "compileClasspath": {
        "com.ea.agentloader:ea-agent-loader": {
            "locked": "1.0.3"
        },
        "org.mortbay.jetty.alpn:jetty-alpn-agent": {
            "locked": "2.0.9"
        },
        "org.slf4j:slf4j-api": {
            "locked": "1.7.12"
        }
    },
    "runtimeClasspath": {
        "com.ea.agentloader:ea-agent-loader": {
            "locked": "1.0.3"
        },
        "org.mortbay.jetty.alpn:jetty-alpn-agent": {
            "locked": "2.0.9"
        },
        "org.slf4j:slf4j-api": {
            "locked": "1.7.12"
        }
    }
}