{
    "compileClasspath": {
        "com.fasterxml.jackson.core:jackson-annotations": {
            "locked": "2.6.7",
            "transitive": [
                "com.fasterxml.jackson.core:jackson-databind"
            ]
        },
        "com.fasterxml.jackson.core:jackson-core": {
            "locked": "2.6.7",
            "transitive": [
                "com.fasterxml.jackson.core:jackson-databind",
                "com.fasterxml.jackson.dataformat:jackson-dataformat-cbor",
                "com.fasterxml.jackson.datatype:jackson-datatype-guava",
                "com.fasterxml.jackson.datatype:jackson-datatype-jdk8",
                "com.fasterxml.jackson.datatype:jackson-datatype-jsr310",
                "com.fasterxml.jackson.module:jackson-module-afterburner"
            ]
        },
        "com.fasterxml.jackson.core:jackson-databind": {
            "locked": "2.6.7",
            "transitive": [
                "com.fasterxml.jackson.datatype:jackson-datatype-guava",
                "com.fasterxml.jackson.datatype:jackson-datatype-jdk8",
                "com.fasterxml.jackson.datatype:jackson-datatype-jsr310",
                "com.fasterxml.jackson.module:jackson-module-afterburner",
                "com.netflix.feign:feign-jackson",
                "com.palantir.remoting-api:errors",
                "com.palantir.remoting-api:ssl-config",
                "com.palantir.remoting-api:tracing",
                "com.palantir.remoting3:jackson-support",
                "com.palantir.remoting3:keystores",
                "com.palantir.remoting3:tracing",
                "com.palantir.tokens:auth-tokens"
            ]
        },
        "com.fasterxml.jackson.dataformat:jackson-dataformat-cbor": {
            "locked": "2.6.7",
            "transitive": [
                "com.palantir.remoting3:jackson-support"
            ]
        },
        "com.fasterxml.jackson.datatype:jackson-datatype-guava": {
            "locked": "2.6.7",
            "transitive": [
                "com.palantir.remoting3:jackson-support",
                "com.palantir.remoting3:tracing"
            ]
        },
        "com.fasterxml.jackson.datatype:jackson-datatype-jdk8": {
            "locked": "2.6.7",
            "transitive": [
                "com.palantir.remoting3:jackson-support",
                "com.palantir.remoting3:tracing",
                "com.palantir.tokens:auth-tokens"
            ]
        },
        "com.fasterxml.jackson.datatype:jackson-datatype-jsr310": {
            "locked": "2.6.7",
            "transitive": [
                "com.palantir.remoting3:jackson-support"
            ]
        },
        "com.fasterxml.jackson.module:jackson-module-afterburner": {
            "locked": "2.6.7",
            "transitive": [
                "com.palantir.remoting3:jackson-support",
                "com.palantir.remoting3:tracing"
            ]
        },
        "com.google.code.findbugs:jsr305": {
            "locked": "3.0.0",
            "transitive": [
                "com.palantir.remoting-api:errors",
                "com.palantir.remoting3:refresh-utils"
            ]
        },
        "com.google.guava:guava": {
            "locked": "18.0",
            "transitive": [
                "com.fasterxml.jackson.datatype:jackson-datatype-guava",
                "com.palantir.remoting3:error-handling",
                "com.palantir.remoting3:keystores",
                "com.palantir.remoting3:okhttp-clients",
                "com.palantir.remoting3:refresh-utils",
                "com.palantir.remoting3:tracing"
            ]
        },
        "com.netflix.feign:feign-core": {
            "locked": "8.17.0",
            "transitive": [
                "com.netflix.feign:feign-jackson",
                "com.netflix.feign:feign-jaxrs",
                "com.netflix.feign:feign-okhttp",
                "com.netflix.feign:feign-slf4j"
            ]
        },
        "com.netflix.feign:feign-jackson": {
            "locked": "8.17.0"
        },
        "com.netflix.feign:feign-jaxrs": {
            "locked": "8.17.0"
        },
        "com.netflix.feign:feign-okhttp": {
            "locked": "8.17.0"
        },
        "com.netflix.feign:feign-slf4j": {
            "locked": "8.17.0"
        },
        "com.palantir.remoting-api:errors": {
            "locked": "1.4.0",
            "transitive": [
                "com.palantir.remoting3:error-handling"
            ]
        },
        "com.palantir.remoting-api:service-config": {
            "locked": "1.4.0",
            "transitive": [
                "com.palantir.remoting3:http-clients"
            ]
        },
        "com.palantir.remoting-api:ssl-config": {
            "locked": "1.4.0",
            "transitive": [
                "com.palantir.remoting-api:service-config",
                "com.palantir.remoting3:keystores"
            ]
        },
        "com.palantir.remoting-api:tracing": {
            "locked": "1.4.0",
            "transitive": [
                "com.palantir.remoting3:tracing"
            ]
        },
        "com.palantir.remoting3:error-handling": {
            "project": true,
            "transitive": [
                "com.palantir.remoting3:okhttp-clients"
            ]
        },
        "com.palantir.remoting3:http-clients": {
            "project": true,
            "transitive": [
                "com.palantir.remoting3:okhttp-clients"
            ]
        },
        "com.palantir.remoting3:jackson-support": {
            "project": true,
            "transitive": [
                "com.palantir.remoting3:error-handling",
                "com.palantir.remoting3:tracing"
            ]
        },
        "com.palantir.remoting3:keystores": {
            "project": true,
            "transitive": [
                "com.palantir.remoting3:http-clients"
            ]
        },
        "com.palantir.remoting3:okhttp-clients": {
            "project": true
        },
        "com.palantir.remoting3:refresh-utils": {
            "project": true
        },
        "com.palantir.remoting3:tracing": {
            "project": true,
            "transitive": [
                "com.palantir.remoting3:tracing-okhttp3"
            ]
        },
        "com.palantir.remoting3:tracing-okhttp3": {
            "project": true,
            "transitive": [
                "com.palantir.remoting3:okhttp-clients"
            ]
        },
        "com.palantir.safe-logging:safe-logging": {
            "locked": "0.1.3",
            "transitive": [
                "com.palantir.remoting-api:errors",
                "com.palantir.remoting3:tracing"
            ]
        },
        "com.palantir.tokens:auth-tokens": {
            "locked": "3.0.0",
            "transitive": [
                "com.palantir.remoting-api:service-config"
            ]
        },
        "com.squareup.okhttp3:logging-interceptor": {
            "locked": "3.8.1",
            "transitive": [
                "com.palantir.remoting3:okhttp-clients"
            ]
        },
        "com.squareup.okhttp3:okhttp": {
            "locked": "3.8.1",
            "transitive": [
                "com.netflix.feign:feign-okhttp",
                "com.palantir.remoting3:okhttp-clients",
                "com.palantir.remoting3:tracing-okhttp3",
                "com.squareup.okhttp3:logging-interceptor"
            ]
        },
        "com.squareup.okio:okio": {
            "locked": "1.13.0",
            "transitive": [
                "com.squareup.okhttp3:okhttp"
            ]
        },
        "io.dropwizard.metrics:metrics-core": {
            "locked": "3.2.3",
            "transitive": [
                "com.palantir.remoting3:okhttp-clients"
            ]
        },
        "javax.ws.rs:javax.ws.rs-api": {
            "locked": "2.0.1",
            "transitive": [
                "com.palantir.remoting-api:errors",
                "com.palantir.remoting3:error-handling"
            ]
        },
        "org.jvnet:animal-sniffer-annotation": {
            "locked": "1.0",
            "transitive": [
                "com.netflix.feign:feign-core"
            ]
        },
        "org.slf4j:slf4j-api": {
            "locked": "1.7.12",
            "transitive": [
                "com.netflix.feign:feign-slf4j",
                "com.palantir.remoting3:error-handling",
                "com.palantir.remoting3:okhttp-clients",
                "com.palantir.remoting3:tracing",
                "com.palantir.tokens:auth-tokens",
                "io.dropwizard.metrics:metrics-core"
            ]
        }
    },
    "runtime": {
        "com.fasterxml.jackson.core:jackson-annotations": {
            "locked": "2.6.7",
            "transitive": [
                "com.fasterxml.jackson.core:jackson-databind"
            ]
        },
        "com.fasterxml.jackson.core:jackson-core": {
            "locked": "2.6.7",
            "transitive": [
                "com.fasterxml.jackson.core:jackson-databind",
                "com.fasterxml.jackson.dataformat:jackson-dataformat-cbor",
                "com.fasterxml.jackson.datatype:jackson-datatype-guava",
                "com.fasterxml.jackson.datatype:jackson-datatype-jdk8",
                "com.fasterxml.jackson.datatype:jackson-datatype-jsr310",
                "com.fasterxml.jackson.module:jackson-module-afterburner"
            ]
        },
        "com.fasterxml.jackson.core:jackson-databind": {
            "locked": "2.6.7",
            "transitive": [
                "com.fasterxml.jackson.datatype:jackson-datatype-guava",
                "com.fasterxml.jackson.datatype:jackson-datatype-jdk8",
                "com.fasterxml.jackson.datatype:jackson-datatype-jsr310",
                "com.fasterxml.jackson.module:jackson-module-afterburner",
                "com.netflix.feign:feign-jackson",
                "com.palantir.remoting-api:errors",
                "com.palantir.remoting-api:ssl-config",
                "com.palantir.remoting-api:tracing",
                "com.palantir.remoting3:jackson-support",
                "com.palantir.remoting3:keystores",
                "com.palantir.remoting3:tracing",
                "com.palantir.tokens:auth-tokens"
            ]
        },
        "com.fasterxml.jackson.dataformat:jackson-dataformat-cbor": {
            "locked": "2.6.7",
            "transitive": [
                "com.palantir.remoting3:jackson-support"
            ]
        },
        "com.fasterxml.jackson.datatype:jackson-datatype-guava": {
            "locked": "2.6.7",
            "transitive": [
                "com.palantir.remoting3:jackson-support",
                "com.palantir.remoting3:tracing"
            ]
        },
        "com.fasterxml.jackson.datatype:jackson-datatype-jdk8": {
            "locked": "2.6.7",
            "transitive": [
                "com.palantir.remoting3:jackson-support",
                "com.palantir.remoting3:tracing",
                "com.palantir.tokens:auth-tokens"
            ]
        },
        "com.fasterxml.jackson.datatype:jackson-datatype-jsr310": {
            "locked": "2.6.7",
            "transitive": [
                "com.palantir.remoting3:jackson-support"
            ]
        },
        "com.fasterxml.jackson.module:jackson-module-afterburner": {
            "locked": "2.6.7",
            "transitive": [
                "com.palantir.remoting3:jackson-support",
                "com.palantir.remoting3:tracing"
            ]
        },
        "com.google.code.findbugs:jsr305": {
            "locked": "3.0.0",
            "transitive": [
                "com.palantir.remoting-api:errors",
                "com.palantir.remoting3:refresh-utils"
            ]
        },
        "com.google.guava:guava": {
            "locked": "18.0",
            "transitive": [
                "com.fasterxml.jackson.datatype:jackson-datatype-guava",
                "com.palantir.remoting3:error-handling",
                "com.palantir.remoting3:keystores",
                "com.palantir.remoting3:okhttp-clients",
                "com.palantir.remoting3:refresh-utils",
                "com.palantir.remoting3:tracing"
            ]
        },
        "com.netflix.feign:feign-core": {
            "locked": "8.17.0",
            "transitive": [
                "com.netflix.feign:feign-jackson",
                "com.netflix.feign:feign-jaxrs",
                "com.netflix.feign:feign-okhttp",
                "com.netflix.feign:feign-slf4j"
            ]
        },
        "com.netflix.feign:feign-jackson": {
            "locked": "8.17.0"
        },
        "com.netflix.feign:feign-jaxrs": {
            "locked": "8.17.0"
        },
        "com.netflix.feign:feign-okhttp": {
            "locked": "8.17.0"
        },
        "com.netflix.feign:feign-slf4j": {
            "locked": "8.17.0"
        },
        "com.palantir.remoting-api:errors": {
            "locked": "1.4.0",
            "transitive": [
                "com.palantir.remoting3:error-handling"
            ]
        },
        "com.palantir.remoting-api:service-config": {
            "locked": "1.4.0",
            "transitive": [
                "com.palantir.remoting3:http-clients"
            ]
        },
        "com.palantir.remoting-api:ssl-config": {
            "locked": "1.4.0",
            "transitive": [
                "com.palantir.remoting-api:service-config",
                "com.palantir.remoting3:keystores"
            ]
        },
        "com.palantir.remoting-api:tracing": {
            "locked": "1.4.0",
            "transitive": [
                "com.palantir.remoting3:tracing"
            ]
        },
        "com.palantir.remoting3:error-handling": {
            "project": true,
            "transitive": [
                "com.palantir.remoting3:okhttp-clients"
            ]
        },
        "com.palantir.remoting3:http-clients": {
            "project": true,
            "transitive": [
                "com.palantir.remoting3:okhttp-clients"
            ]
        },
        "com.palantir.remoting3:jackson-support": {
            "project": true,
            "transitive": [
                "com.palantir.remoting3:error-handling",
                "com.palantir.remoting3:tracing"
            ]
        },
        "com.palantir.remoting3:keystores": {
            "project": true,
            "transitive": [
                "com.palantir.remoting3:http-clients"
            ]
        },
        "com.palantir.remoting3:okhttp-clients": {
            "project": true
        },
        "com.palantir.remoting3:refresh-utils": {
            "project": true
        },
        "com.palantir.remoting3:tracing": {
            "project": true,
            "transitive": [
                "com.palantir.remoting3:tracing-okhttp3"
            ]
        },
        "com.palantir.remoting3:tracing-okhttp3": {
            "project": true,
            "transitive": [
                "com.palantir.remoting3:okhttp-clients"
            ]
        },
        "com.palantir.safe-logging:safe-logging": {
            "locked": "0.1.3",
            "transitive": [
                "com.palantir.remoting-api:errors",
                "com.palantir.remoting3:tracing"
            ]
        },
        "com.palantir.tokens:auth-tokens": {
            "locked": "3.0.0",
            "transitive": [
                "com.palantir.remoting-api:service-config"
            ]
        },
        "com.squareup.okhttp3:logging-interceptor": {
            "locked": "3.8.1",
            "transitive": [
                "com.palantir.remoting3:okhttp-clients"
            ]
        },
        "com.squareup.okhttp3:okhttp": {
            "locked": "3.8.1",
            "transitive": [
                "com.netflix.feign:feign-okhttp",
                "com.palantir.remoting3:okhttp-clients",
                "com.palantir.remoting3:tracing-okhttp3",
                "com.squareup.okhttp3:logging-interceptor"
            ]
        },
        "com.squareup.okio:okio": {
            "locked": "1.13.0",
            "transitive": [
                "com.squareup.okhttp3:okhttp"
            ]
        },
        "io.dropwizard.metrics:metrics-core": {
            "locked": "3.2.3",
            "transitive": [
                "com.palantir.remoting3:okhttp-clients"
            ]
        },
        "javax.ws.rs:javax.ws.rs-api": {
            "locked": "2.0.1",
            "transitive": [
                "com.palantir.remoting-api:errors",
                "com.palantir.remoting3:error-handling"
            ]
        },
        "org.jvnet:animal-sniffer-annotation": {
            "locked": "1.0",
            "transitive": [
                "com.netflix.feign:feign-core"
            ]
        },
        "org.slf4j:slf4j-api": {
            "locked": "1.7.12",
            "transitive": [
                "com.netflix.feign:feign-slf4j",
                "com.palantir.remoting3:error-handling",
                "com.palantir.remoting3:okhttp-clients",
                "com.palantir.remoting3:tracing",
                "com.palantir.tokens:auth-tokens",
                "io.dropwizard.metrics:metrics-core"
            ]
        }
    }
}