{
    "compileClasspath": {
        "com.fasterxml.jackson.core:jackson-annotations": {
            "locked": "2.6.7",
            "transitive": [
                "com.fasterxml.jackson.core:jackson-databind"
            ]
        },
        "com.fasterxml.jackson.core:jackson-core": {
            "locked": "2.6.7",
            "transitive": [
                "com.fasterxml.jackson.core:jackson-databind",
                "com.fasterxml.jackson.datatype:jackson-datatype-guava",
                "com.fasterxml.jackson.datatype:jackson-datatype-jdk8",
                "com.fasterxml.jackson.datatype:jackson-datatype-jsr310",
                "com.fasterxml.jackson.module:jackson-module-afterburner"
            ]
        },
        "com.fasterxml.jackson.core:jackson-databind": {
            "locked": "2.6.7",
            "transitive": [
                "com.fasterxml.jackson.datatype:jackson-datatype-guava",
                "com.fasterxml.jackson.datatype:jackson-datatype-jdk8",
                "com.fasterxml.jackson.datatype:jackson-datatype-jsr310",
                "com.fasterxml.jackson.module:jackson-module-afterburner",
                "com.netflix.feign:feign-jackson",
                "com.palantir.remoting2:error-handling",
                "com.palantir.remoting2:jackson-support",
                "com.palantir.remoting2:ssl-config",
                "com.palantir.remoting2:tracing",
                "com.palantir.tokens:auth-tokens"
            ]
        },
        "com.fasterxml.jackson.datatype:jackson-datatype-guava": {
            "locked": "2.6.7",
            "transitive": [
                "com.palantir.remoting2:error-handling",
                "com.palantir.remoting2:jackson-support",
                "com.palantir.remoting2:tracing",
                "com.palantir.tokens:auth-tokens"
            ]
        },
        "com.fasterxml.jackson.datatype:jackson-datatype-jdk8": {
            "locked": "2.6.7",
            "transitive": [
                "com.palantir.remoting2:error-handling",
                "com.palantir.remoting2:jackson-support",
                "com.palantir.remoting2:tracing"
            ]
        },
        "com.fasterxml.jackson.datatype:jackson-datatype-jsr310": {
            "locked": "2.6.7",
            "transitive": [
                "com.palantir.remoting2:jackson-support"
            ]
        },
        "com.fasterxml.jackson.module:jackson-module-afterburner": {
            "locked": "2.6.7",
            "transitive": [
                "com.palantir.remoting2:error-handling",
                "com.palantir.remoting2:jackson-support",
                "com.palantir.remoting2:tracing"
            ]
        },
        "com.google.code.findbugs:jsr305": {
            "locked": "3.0.0",
            "transitive": [
                "com.palantir.remoting2:error-handling",
                "com.palantir.remoting2:refresh-utils"
            ]
        },
        "com.google.guava:guava": {
            "locked": "18.0",
            "transitive": [
                "com.fasterxml.jackson.datatype:jackson-datatype-guava",
                "com.palantir.remoting2:error-handling",
                "com.palantir.remoting2:refresh-utils",
                "com.palantir.remoting2:ssl-config",
                "com.palantir.remoting2:tracing",
                "com.palantir.tokens:auth-tokens"
            ]
        },
        "com.netflix.feign:feign-core": {
            "locked": "8.17.0",
            "transitive": [
                "com.netflix.feign:feign-jackson",
                "com.netflix.feign:feign-jaxrs",
                "com.netflix.feign:feign-okhttp",
                "com.netflix.feign:feign-slf4j"
            ]
        },
        "com.netflix.feign:feign-jackson": {
            "locked": "8.17.0"
        },
        "com.netflix.feign:feign-jaxrs": {
            "locked": "8.17.0"
        },
        "com.netflix.feign:feign-okhttp": {
            "locked": "8.17.0"
        },
        "com.netflix.feign:feign-slf4j": {
            "locked": "8.17.0"
        },
        "com.palantir.remoting2:error-handling": {
            "project": true
        },
        "com.palantir.remoting2:http-clients-api": {
            "project": true
        },
        "com.palantir.remoting2:jackson-support": {
            "project": true,
            "transitive": [
                "com.palantir.remoting2:error-handling",
                "com.palantir.remoting2:tracing"
            ]
        },
        "com.palantir.remoting2:refresh-utils": {
            "project": true
        },
        "com.palantir.remoting2:service-config": {
            "project": true,
            "transitive": [
                "com.palantir.remoting2:http-clients-api"
            ]
        },
        "com.palantir.remoting2:ssl-config": {
            "project": true,
            "transitive": [
                "com.palantir.remoting2:service-config"
            ]
        },
        "com.palantir.remoting2:tracing": {
            "project": true,
            "transitive": [
                "com.palantir.remoting2:tracing-okhttp3"
            ]
        },
        "com.palantir.remoting2:tracing-okhttp3": {
            "project": true
        },
        "com.palantir.tokens:auth-tokens": {
            "locked": "1.0.0",
            "transitive": [
                "com.palantir.remoting2:service-config"
            ]
        },
        "com.squareup.okhttp3:okhttp": {
            "locked": "3.4.1",
            "transitive": [
                "com.netflix.feign:feign-okhttp",
                "com.palantir.remoting2:tracing-okhttp3"
            ]
        },
        "com.squareup.okio:okio": {
            "locked": "1.9.0",
            "transitive": [
                "com.squareup.okhttp3:okhttp"
            ]
        },
        "javax.ws.rs:javax.ws.rs-api": {
            "locked": "2.0.1",
            "transitive": [
                "com.palantir.remoting2:error-handling"
            ]
        },
        "org.jvnet:animal-sniffer-annotation": {
            "locked": "1.0",
            "transitive": [
                "com.netflix.feign:feign-core"
            ]
        },
        "org.slf4j:slf4j-api": {
            "locked": "1.7.12",
            "transitive": [
                "com.netflix.feign:feign-slf4j",
                "com.palantir.remoting2:error-handling",
                "com.palantir.remoting2:tracing",
                "com.palantir.tokens:auth-tokens"
            ]
        }
    },
    "runtime": {
        "com.fasterxml.jackson.core:jackson-annotations": {
            "locked": "2.6.7",
            "transitive": [
                "com.fasterxml.jackson.core:jackson-databind"
            ]
        },
        "com.fasterxml.jackson.core:jackson-core": {
            "locked": "2.6.7",
            "transitive": [
                "com.fasterxml.jackson.core:jackson-databind",
                "com.fasterxml.jackson.datatype:jackson-datatype-guava",
                "com.fasterxml.jackson.datatype:jackson-datatype-jdk8",
                "com.fasterxml.jackson.datatype:jackson-datatype-jsr310",
                "com.fasterxml.jackson.module:jackson-module-afterburner"
            ]
        },
        "com.fasterxml.jackson.core:jackson-databind": {
            "locked": "2.6.7",
            "transitive": [
                "com.fasterxml.jackson.datatype:jackson-datatype-guava",
                "com.fasterxml.jackson.datatype:jackson-datatype-jdk8",
                "com.fasterxml.jackson.datatype:jackson-datatype-jsr310",
                "com.fasterxml.jackson.module:jackson-module-afterburner",
                "com.netflix.feign:feign-jackson",
                "com.palantir.remoting2:error-handling",
                "com.palantir.remoting2:jackson-support",
                "com.palantir.remoting2:ssl-config",
                "com.palantir.remoting2:tracing",
                "com.palantir.tokens:auth-tokens"
            ]
        },
        "com.fasterxml.jackson.datatype:jackson-datatype-guava": {
            "locked": "2.6.7",
            "transitive": [
                "com.palantir.remoting2:error-handling",
                "com.palantir.remoting2:jackson-support",
                "com.palantir.remoting2:tracing",
                "com.palantir.tokens:auth-tokens"
            ]
        },
        "com.fasterxml.jackson.datatype:jackson-datatype-jdk8": {
            "locked": "2.6.7",
            "transitive": [
                "com.palantir.remoting2:error-handling",
                "com.palantir.remoting2:jackson-support",
                "com.palantir.remoting2:tracing"
            ]
        },
        "com.fasterxml.jackson.datatype:jackson-datatype-jsr310": {
            "locked": "2.6.7",
            "transitive": [
                "com.palantir.remoting2:jackson-support"
            ]
        },
        "com.fasterxml.jackson.module:jackson-module-afterburner": {
            "locked": "2.6.7",
            "transitive": [
                "com.palantir.remoting2:error-handling",
                "com.palantir.remoting2:jackson-support",
                "com.palantir.remoting2:tracing"
            ]
        },
        "com.google.code.findbugs:jsr305": {
            "locked": "3.0.0",
            "transitive": [
                "com.palantir.remoting2:error-handling",
                "com.palantir.remoting2:refresh-utils"
            ]
        },
        "com.google.guava:guava": {
            "locked": "18.0",
            "transitive": [
                "com.fasterxml.jackson.datatype:jackson-datatype-guava",
                "com.palantir.remoting2:error-handling",
                "com.palantir.remoting2:refresh-utils",
                "com.palantir.remoting2:ssl-config",
                "com.palantir.remoting2:tracing",
                "com.palantir.tokens:auth-tokens"
            ]
        },
        "com.netflix.feign:feign-core": {
            "locked": "8.17.0",
            "transitive": [
                "com.netflix.feign:feign-jackson",
                "com.netflix.feign:feign-jaxrs",
                "com.netflix.feign:feign-okhttp",
                "com.netflix.feign:feign-slf4j"
            ]
        },
        "com.netflix.feign:feign-jackson": {
            "locked": "8.17.0"
        },
        "com.netflix.feign:feign-jaxrs": {
            "locked": "8.17.0"
        },
        "com.netflix.feign:feign-okhttp": {
            "locked": "8.17.0"
        },
        "com.netflix.feign:feign-slf4j": {
            "locked": "8.17.0"
        },
        "com.palantir.remoting2:error-handling": {
            "project": true
        },
        "com.palantir.remoting2:http-clients-api": {
            "project": true
        },
        "com.palantir.remoting2:jackson-support": {
            "project": true,
            "transitive": [
                "com.palantir.remoting2:error-handling",
                "com.palantir.remoting2:tracing"
            ]
        },
        "com.palantir.remoting2:refresh-utils": {
            "project": true
        },
        "com.palantir.remoting2:service-config": {
            "project": true,
            "transitive": [
                "com.palantir.remoting2:http-clients-api"
            ]
        },
        "com.palantir.remoting2:ssl-config": {
            "project": true,
            "transitive": [
                "com.palantir.remoting2:service-config"
            ]
        },
        "com.palantir.remoting2:tracing": {
            "project": true,
            "transitive": [
                "com.palantir.remoting2:tracing-okhttp3"
            ]
        },
        "com.palantir.remoting2:tracing-okhttp3": {
            "project": true
        },
        "com.palantir.tokens:auth-tokens": {
            "locked": "1.0.0",
            "transitive": [
                "com.palantir.remoting2:service-config"
            ]
        },
        "com.squareup.okhttp3:okhttp": {
            "locked": "3.4.1",
            "transitive": [
                "com.netflix.feign:feign-okhttp",
                "com.palantir.remoting2:tracing-okhttp3"
            ]
        },
        "com.squareup.okio:okio": {
            "locked": "1.9.0",
            "transitive": [
                "com.squareup.okhttp3:okhttp"
            ]
        },
        "javax.ws.rs:javax.ws.rs-api": {
            "locked": "2.0.1",
            "transitive": [
                "com.palantir.remoting2:error-handling"
            ]
        },
        "org.jvnet:animal-sniffer-annotation": {
            "locked": "1.0",
            "transitive": [
                "com.netflix.feign:feign-core"
            ]
        },
        "org.slf4j:slf4j-api": {
            "locked": "1.7.12",
            "transitive": [
                "com.netflix.feign:feign-slf4j",
                "com.palantir.remoting2:error-handling",
                "com.palantir.remoting2:tracing",
                "com.palantir.tokens:auth-tokens"
            ]
        }
    }
}