{
    "compileClasspath": {
        "com.fasterxml.jackson.core:jackson-annotations": {
            "locked": "2.6.1",
            "transitive": [
                "com.fasterxml.jackson.core:jackson-databind"
            ]
        },
        "com.fasterxml.jackson.core:jackson-core": {
            "locked": "2.6.1",
            "transitive": [
                "com.fasterxml.jackson.core:jackson-databind",
                "com.fasterxml.jackson.datatype:jackson-datatype-guava",
                "com.fasterxml.jackson.datatype:jackson-datatype-jdk7"
            ]
        },
        "com.fasterxml.jackson.core:jackson-databind": {
            "locked": "2.6.1",
            "transitive": [
                "com.fasterxml.jackson.datatype:jackson-datatype-guava",
                "com.fasterxml.jackson.datatype:jackson-datatype-jdk7",
                "com.netflix.feign:feign-jackson",
                "com.palantir.remoting1:error-handling",
                "com.palantir.remoting1:ssl-config",
                "com.palantir.remoting1:tracing",
                "com.palantir.tokens:auth-tokens"
            ]
        },
        "com.fasterxml.jackson.datatype:jackson-datatype-guava": {
            "locked": "2.6.1",
            "transitive": [
                "com.palantir.remoting1:error-handling",
                "com.palantir.remoting1:tracing"
            ]
        },
        "com.fasterxml.jackson.datatype:jackson-datatype-jdk7": {
            "locked": "2.6.1"
        },
        "com.google.code.findbugs:jsr305": {
            "locked": "3.0.0",
            "transitive": [
                "com.palantir.remoting1:error-handling"
            ]
        },
        "com.google.guava:guava": {
            "locked": "18.0",
            "transitive": [
                "com.fasterxml.jackson.datatype:jackson-datatype-guava",
                "com.palantir.remoting1:error-handling",
                "com.palantir.remoting1:ssl-config",
                "com.palantir.remoting1:tracing",
                "com.palantir.tokens:auth-tokens"
            ]
        },
        "com.netflix.feign:feign-core": {
            "locked": "8.17.0",
            "transitive": [
                "com.netflix.feign:feign-jackson",
                "com.netflix.feign:feign-jaxrs",
                "com.netflix.feign:feign-okhttp",
                "com.netflix.feign:feign-slf4j"
            ]
        },
        "com.netflix.feign:feign-jackson": {
            "locked": "8.17.0"
        },
        "com.netflix.feign:feign-jaxrs": {
            "locked": "8.17.0"
        },
        "com.netflix.feign:feign-okhttp": {
            "locked": "8.17.0"
        },
        "com.netflix.feign:feign-slf4j": {
            "locked": "8.17.0"
        },
        "com.palantir.remoting1:error-handling": {
            "project": true
        },
        "com.palantir.remoting1:http-clients-api": {
            "project": true
        },
        "com.palantir.remoting1:service-config": {
            "project": true,
            "transitive": [
                "com.palantir.remoting1:http-clients-api"
            ]
        },
        "com.palantir.remoting1:ssl-config": {
            "project": true,
            "transitive": [
                "com.palantir.remoting1:service-config"
            ]
        },
        "com.palantir.remoting1:tracing": {
            "project": true,
            "transitive": [
                "com.palantir.remoting1:tracing-okhttp3"
            ]
        },
        "com.palantir.remoting1:tracing-okhttp3": {
            "project": true
        },
        "com.palantir.tokens:auth-tokens": {
            "locked": "0.2.3",
            "transitive": [
                "com.palantir.remoting1:service-config"
            ]
        },
        "com.squareup.okhttp3:okhttp": {
            "locked": "3.4.1",
            "transitive": [
                "com.netflix.feign:feign-okhttp",
                "com.palantir.remoting1:tracing-okhttp3"
            ]
        },
        "com.squareup.okio:okio": {
            "locked": "1.9.0",
            "transitive": [
                "com.squareup.okhttp3:okhttp"
            ]
        },
        "javax.ws.rs:javax.ws.rs-api": {
            "locked": "2.0.1",
            "transitive": [
                "com.palantir.remoting1:error-handling"
            ]
        },
        "org.jvnet:animal-sniffer-annotation": {
            "locked": "1.0",
            "transitive": [
                "com.netflix.feign:feign-core"
            ]
        },
        "org.slf4j:jcl-over-slf4j": {
            "locked": "1.7.12",
            "transitive": [
                "com.palantir.tokens:auth-tokens"
            ]
        },
        "org.slf4j:slf4j-api": {
            "locked": "1.7.12",
            "transitive": [
                "com.netflix.feign:feign-slf4j",
                "com.palantir.remoting1:error-handling",
                "com.palantir.remoting1:tracing",
                "com.palantir.tokens:auth-tokens",
                "org.slf4j:jcl-over-slf4j"
            ]
        }
    },
    "runtime": {
        "com.fasterxml.jackson.core:jackson-annotations": {
            "locked": "2.6.1",
            "transitive": [
                "com.fasterxml.jackson.core:jackson-databind"
            ]
        },
        "com.fasterxml.jackson.core:jackson-core": {
            "locked": "2.6.1",
            "transitive": [
                "com.fasterxml.jackson.core:jackson-databind",
                "com.fasterxml.jackson.datatype:jackson-datatype-guava",
                "com.fasterxml.jackson.datatype:jackson-datatype-jdk7"
            ]
        },
        "com.fasterxml.jackson.core:jackson-databind": {
            "locked": "2.6.1",
            "transitive": [
                "com.fasterxml.jackson.datatype:jackson-datatype-guava",
                "com.fasterxml.jackson.datatype:jackson-datatype-jdk7",
                "com.netflix.feign:feign-jackson",
                "com.palantir.remoting1:error-handling",
                "com.palantir.remoting1:ssl-config",
                "com.palantir.remoting1:tracing",
                "com.palantir.tokens:auth-tokens"
            ]
        },
        "com.fasterxml.jackson.datatype:jackson-datatype-guava": {
            "locked": "2.6.1",
            "transitive": [
                "com.palantir.remoting1:error-handling",
                "com.palantir.remoting1:tracing"
            ]
        },
        "com.fasterxml.jackson.datatype:jackson-datatype-jdk7": {
            "locked": "2.6.1"
        },
        "com.google.code.findbugs:jsr305": {
            "locked": "3.0.0",
            "transitive": [
                "com.palantir.remoting1:error-handling"
            ]
        },
        "com.google.guava:guava": {
            "locked": "18.0",
            "transitive": [
                "com.fasterxml.jackson.datatype:jackson-datatype-guava",
                "com.palantir.remoting1:error-handling",
                "com.palantir.remoting1:ssl-config",
                "com.palantir.remoting1:tracing",
                "com.palantir.tokens:auth-tokens"
            ]
        },
        "com.netflix.feign:feign-core": {
            "locked": "8.17.0",
            "transitive": [
                "com.netflix.feign:feign-jackson",
                "com.netflix.feign:feign-jaxrs",
                "com.netflix.feign:feign-okhttp",
                "com.netflix.feign:feign-slf4j"
            ]
        },
        "com.netflix.feign:feign-jackson": {
            "locked": "8.17.0"
        },
        "com.netflix.feign:feign-jaxrs": {
            "locked": "8.17.0"
        },
        "com.netflix.feign:feign-okhttp": {
            "locked": "8.17.0"
        },
        "com.netflix.feign:feign-slf4j": {
            "locked": "8.17.0"
        },
        "com.palantir.remoting1:error-handling": {
            "project": true
        },
        "com.palantir.remoting1:http-clients-api": {
            "project": true
        },
        "com.palantir.remoting1:service-config": {
            "project": true,
            "transitive": [
                "com.palantir.remoting1:http-clients-api"
            ]
        },
        "com.palantir.remoting1:ssl-config": {
            "project": true,
            "transitive": [
                "com.palantir.remoting1:service-config"
            ]
        },
        "com.palantir.remoting1:tracing": {
            "project": true,
            "transitive": [
                "com.palantir.remoting1:tracing-okhttp3"
            ]
        },
        "com.palantir.remoting1:tracing-okhttp3": {
            "project": true
        },
        "com.palantir.tokens:auth-tokens": {
            "locked": "0.2.3",
            "transitive": [
                "com.palantir.remoting1:service-config"
            ]
        },
        "com.squareup.okhttp3:okhttp": {
            "locked": "3.4.1",
            "transitive": [
                "com.netflix.feign:feign-okhttp",
                "com.palantir.remoting1:tracing-okhttp3"
            ]
        },
        "com.squareup.okio:okio": {
            "locked": "1.9.0",
            "transitive": [
                "com.squareup.okhttp3:okhttp"
            ]
        },
        "javax.ws.rs:javax.ws.rs-api": {
            "locked": "2.0.1",
            "transitive": [
                "com.palantir.remoting1:error-handling"
            ]
        },
        "org.jvnet:animal-sniffer-annotation": {
            "locked": "1.0",
            "transitive": [
                "com.netflix.feign:feign-core"
            ]
        },
        "org.slf4j:jcl-over-slf4j": {
            "locked": "1.7.12",
            "transitive": [
                "com.palantir.tokens:auth-tokens"
            ]
        },
        "org.slf4j:slf4j-api": {
            "locked": "1.7.12",
            "transitive": [
                "com.netflix.feign:feign-slf4j",
                "com.palantir.remoting1:error-handling",
                "com.palantir.remoting1:tracing",
                "com.palantir.tokens:auth-tokens",
                "org.slf4j:jcl-over-slf4j"
            ]
        }
    }
}